lockfileVersion: '9.0'

settings:
  autoInstallPeers: true
  excludeLinksFromLockfile: false

overrides:
  on-headers: npm:@pirxpilot/on-headers@2.0.0
  debug: ~4

importers:

  .:
    dependencies:
      '@pirxpilot/connect':
        specifier: ^4.2.0
        version: 4.2.1
      '@pirxpilot/cookie-parser':
        specifier: ~2
        version: 2.0.0
      '@pirxpilot/jade-core':
        specifier: ^1.12.1
        version: 1.12.2
      '@pirxpilot/k':
        specifier: ^1.0.0
        version: 1.0.1
      '@pirxpilot/router':
        specifier: ^1.1.0
        version: 1.1.0
      '@pirxpilot/swipe':
        specifier: ^2.0.2
        version: 2.0.2
      connect-cachify-static:
        specifier: ^4.0.0
        version: 4.0.1
      connect-gzip-static:
        specifier: ^4.2.1
        version: 4.2.2
      connect-renderer:
        specifier: ^1.0.0
        version: 1.0.0
      css-select:
        specifier: ~5
        version: 5.1.0
      debounce:
        specifier: ^2.0.0
        version: 2.2.0
      debug:
        specifier: ~4
        version: 4.4.1
      domelementtype:
        specifier: ^2.3.0
        version: 2.3.0
      domhandler:
        specifier: ~5
        version: 5.0.3
      dynload:
        specifier: ^1.0.2
        version: 1.0.2
      el-component:
        specifier: ~2
        version: 2.0.2
      errorhandler:
        specifier: ^1.5.0
        version: 1.5.1
      esbuild:
        specifier: ^0.25.1
        version: 0.25.4
      htmlparser2:
        specifier: ~10
        version: 10.0.0
      js-cookie:
        specifier: ^3.0.5
        version: 3.0.5
      limiter:
        specifier: ~3
        version: 3.0.0
      lodash:
        specifier: ^4.16.6
        version: 4.17.21
      morgan:
        specifier: ^1.9.0
        version: 1.10.0
      parseurl:
        specifier: ^1.3.3
        version: 1.3.3
      qs:
        specifier: ^6.13.1
        version: 6.14.0
      ro-rating:
        specifier: ~2
        version: 2.0.0
      tiny-pager:
        specifier: ^1.0.0
        version: 1.0.0
      to-title-case:
        specifier: ^1.0.0
        version: 1.0.0
    devDependencies:
      '@biomejs/biome':
        specifier: 2.2.6
        version: 2.2.6
      '@pirxpilot/stylus':
        specifier: ^1.2.0
        version: 1.2.0
      commander:
        specifier: ~14
        version: 14.0.1
      postcss:
        specifier: ~8
        version: 8.5.3
      postcss-cachify:
        specifier: ^4.0.0
        version: 4.0.0(postcss@8.5.3)
      postcss-cli-simple:
        specifier: ~4.0.0
        version: 4.0.3(postcss@8.5.3)
      prompt:
        specifier: ~1
        version: 1.3.0
      undici:
        specifier: ^7.10.0
        version: 7.10.0

packages:

  '@babel/helper-string-parser@7.27.1':
    resolution: {integrity: sha512-qMlSxKbpRlAridDExk92nSobyDdpPijUq2DW6oDnUqd0iOGxmQjyqhMIihI9+zv4LPyZdRje2cavWPbCbWm3eA==}
    engines: {node: '>=6.9.0'}

  '@babel/helper-validator-identifier@7.27.1':
    resolution: {integrity: sha512-D2hP9eA+Sqx1kBZgzxZh0y1trbuU+JoDkiEwqhQ36nodYqJwyEIhPSdMNd7lOm/4io72luTPWH20Yda0xOuUow==}
    engines: {node: '>=6.9.0'}

  '@babel/parser@7.27.2':
    resolution: {integrity: sha512-QYLs8299NA7WM/bZAdp+CviYYkVoYXlDW2rzliy3chxd1PQjej7JORuMJDJXJUb9g0TT+B99EwaVLKmX+sPXWw==}
    engines: {node: '>=6.0.0'}
    hasBin: true

  '@babel/types@7.27.1':
    resolution: {integrity: sha512-+EzkxvLNfiUeKMgy/3luqfsCWFRXLb7U6wNQTk60tovuckwB15B191tJWvpp4HjiQWdJkCxO3Wbvc6jlk3Xb2Q==}
    engines: {node: '>=6.9.0'}

  '@biomejs/biome@2.2.6':
    resolution: {integrity: sha512-yKTCNGhek0rL5OEW1jbLeZX8LHaM8yk7+3JRGv08my+gkpmtb5dDE+54r2ZjZx0ediFEn1pYBOJSmOdDP9xtFw==}
    engines: {node: '>=14.21.3'}
    hasBin: true

  '@biomejs/cli-darwin-arm64@2.2.6':
    resolution: {integrity: sha512-UZPmn3M45CjTYulgcrFJFZv7YmK3pTxTJDrFYlNElT2FNnkkX4fsxjExTSMeWKQYoZjvekpH5cvrYZZlWu3yfA==}
    engines: {node: '>=14.21.3'}
    cpu: [arm64]
    os: [darwin]

  '@biomejs/cli-darwin-x64@2.2.6':
    resolution: {integrity: sha512-HOUIquhHVgh/jvxyClpwlpl/oeMqntlteL89YqjuFDiZ091P0vhHccwz+8muu3nTyHWM5FQslt+4Jdcd67+xWQ==}
    engines: {node: '>=14.21.3'}
    cpu: [x64]
    os: [darwin]

  '@biomejs/cli-linux-arm64-musl@2.2.6':
    resolution: {integrity: sha512-TjCenQq3N6g1C+5UT3jE1bIiJb5MWQvulpUngTIpFsL4StVAUXucWD0SL9MCW89Tm6awWfeXBbZBAhJwjyFbRQ==}
    engines: {node: '>=14.21.3'}
    cpu: [arm64]
    os: [linux]

  '@biomejs/cli-linux-arm64@2.2.6':
    resolution: {integrity: sha512-BpGtuMJGN+o8pQjvYsUKZ+4JEErxdSmcRD/JG3mXoWc6zrcA7OkuyGFN1mDggO0Q1n7qXxo/PcupHk8gzijt5g==}
    engines: {node: '>=14.21.3'}
    cpu: [arm64]
    os: [linux]

  '@biomejs/cli-linux-x64-musl@2.2.6':
    resolution: {integrity: sha512-1ZcBux8zVM3JhWN2ZCPaYf0+ogxXG316uaoXJdgoPZcdK/rmRcRY7PqHdAos2ExzvjIdvhQp72UcveI98hgOog==}
    engines: {node: '>=14.21.3'}
    cpu: [x64]
    os: [linux]

  '@biomejs/cli-linux-x64@2.2.6':
    resolution: {integrity: sha512-1HaM/dpI/1Z68zp8ZdT6EiBq+/O/z97a2AiHMl+VAdv5/ELckFt9EvRb8hDHpk8hUMoz03gXkC7VPXOVtU7faA==}
    engines: {node: '>=14.21.3'}
    cpu: [x64]
    os: [linux]

  '@biomejs/cli-win32-arm64@2.2.6':
    resolution: {integrity: sha512-h3A88G8PGM1ryTeZyLlSdfC/gz3e95EJw9BZmA6Po412DRqwqPBa2Y9U+4ZSGUAXCsnSQE00jLV8Pyrh0d+jQw==}
    engines: {node: '>=14.21.3'}
    cpu: [arm64]
    os: [win32]

  '@biomejs/cli-win32-x64@2.2.6':
    resolution: {integrity: sha512-yx0CqeOhPjYQ5ZXgPfu8QYkgBhVJyvWe36as7jRuPrKPO5ylVDfwVtPQ+K/mooNTADW0IhxOZm3aPu16dP8yNQ==}
    engines: {node: '>=14.21.3'}
    cpu: [x64]
    os: [win32]

  '@colors/colors@1.5.0':
    resolution: {integrity: sha512-ooWCrlZP11i8GImSjTHYHLkvFDP48nS4+204nGb1RiX/WXYHmJA2III9/e2DWVabCESdW7hBAEzHRqUn9OUVvQ==}
    engines: {node: '>=0.1.90'}

  '@esbuild/aix-ppc64@0.25.4':
    resolution: {integrity: sha512-1VCICWypeQKhVbE9oW/sJaAmjLxhVqacdkvPLEjwlttjfwENRSClS8EjBz0KzRyFSCPDIkuXW34Je/vk7zdB7Q==}
    engines: {node: '>=18'}
    cpu: [ppc64]
    os: [aix]

  '@esbuild/android-arm64@0.25.4':
    resolution: {integrity: sha512-bBy69pgfhMGtCnwpC/x5QhfxAz/cBgQ9enbtwjf6V9lnPI/hMyT9iWpR1arm0l3kttTr4L0KSLpKmLp/ilKS9A==}
    engines: {node: '>=18'}
    cpu: [arm64]
    os: [android]

  '@esbuild/android-arm@0.25.4':
    resolution: {integrity: sha512-QNdQEps7DfFwE3hXiU4BZeOV68HHzYwGd0Nthhd3uCkkEKK7/R6MTgM0P7H7FAs5pU/DIWsviMmEGxEoxIZ+ZQ==}
    engines: {node: '>=18'}
    cpu: [arm]
    os: [android]

  '@esbuild/android-x64@0.25.4':
    resolution: {integrity: sha512-TVhdVtQIFuVpIIR282btcGC2oGQoSfZfmBdTip2anCaVYcqWlZXGcdcKIUklfX2wj0JklNYgz39OBqh2cqXvcQ==}
    engines: {node: '>=18'}
    cpu: [x64]
    os: [android]

  '@esbuild/darwin-arm64@0.25.4':
    resolution: {integrity: sha512-Y1giCfM4nlHDWEfSckMzeWNdQS31BQGs9/rouw6Ub91tkK79aIMTH3q9xHvzH8d0wDru5Ci0kWB8b3up/nl16g==}
    engines: {node: '>=18'}
    cpu: [arm64]
    os: [darwin]

  '@esbuild/darwin-x64@0.25.4':
    resolution: {integrity: sha512-CJsry8ZGM5VFVeyUYB3cdKpd/H69PYez4eJh1W/t38vzutdjEjtP7hB6eLKBoOdxcAlCtEYHzQ/PJ/oU9I4u0A==}
    engines: {node: '>=18'}
    cpu: [x64]
    os: [darwin]

  '@esbuild/freebsd-arm64@0.25.4':
    resolution: {integrity: sha512-yYq+39NlTRzU2XmoPW4l5Ifpl9fqSk0nAJYM/V/WUGPEFfek1epLHJIkTQM6bBs1swApjO5nWgvr843g6TjxuQ==}
    engines: {node: '>=18'}
    cpu: [arm64]
    os: [freebsd]

  '@esbuild/freebsd-x64@0.25.4':
    resolution: {integrity: sha512-0FgvOJ6UUMflsHSPLzdfDnnBBVoCDtBTVyn/MrWloUNvq/5SFmh13l3dvgRPkDihRxb77Y17MbqbCAa2strMQQ==}
    engines: {node: '>=18'}
    cpu: [x64]
    os: [freebsd]

  '@esbuild/linux-arm64@0.25.4':
    resolution: {integrity: sha512-+89UsQTfXdmjIvZS6nUnOOLoXnkUTB9hR5QAeLrQdzOSWZvNSAXAtcRDHWtqAUtAmv7ZM1WPOOeSxDzzzMogiQ==}
    engines: {node: '>=18'}
    cpu: [arm64]
    os: [linux]

  '@esbuild/linux-arm@0.25.4':
    resolution: {integrity: sha512-kro4c0P85GMfFYqW4TWOpvmF8rFShbWGnrLqlzp4X1TNWjRY3JMYUfDCtOxPKOIY8B0WC8HN51hGP4I4hz4AaQ==}
    engines: {node: '>=18'}
    cpu: [arm]
    os: [linux]

  '@esbuild/linux-ia32@0.25.4':
    resolution: {integrity: sha512-yTEjoapy8UP3rv8dB0ip3AfMpRbyhSN3+hY8mo/i4QXFeDxmiYbEKp3ZRjBKcOP862Ua4b1PDfwlvbuwY7hIGQ==}
    engines: {node: '>=18'}
    cpu: [ia32]
    os: [linux]

  '@esbuild/linux-loong64@0.25.4':
    resolution: {integrity: sha512-NeqqYkrcGzFwi6CGRGNMOjWGGSYOpqwCjS9fvaUlX5s3zwOtn1qwg1s2iE2svBe4Q/YOG1q6875lcAoQK/F4VA==}
    engines: {node: '>=18'}
    cpu: [loong64]
    os: [linux]

  '@esbuild/linux-mips64el@0.25.4':
    resolution: {integrity: sha512-IcvTlF9dtLrfL/M8WgNI/qJYBENP3ekgsHbYUIzEzq5XJzzVEV/fXY9WFPfEEXmu3ck2qJP8LG/p3Q8f7Zc2Xg==}
    engines: {node: '>=18'}
    cpu: [mips64el]
    os: [linux]

  '@esbuild/linux-ppc64@0.25.4':
    resolution: {integrity: sha512-HOy0aLTJTVtoTeGZh4HSXaO6M95qu4k5lJcH4gxv56iaycfz1S8GO/5Jh6X4Y1YiI0h7cRyLi+HixMR+88swag==}
    engines: {node: '>=18'}
    cpu: [ppc64]
    os: [linux]

  '@esbuild/linux-riscv64@0.25.4':
    resolution: {integrity: sha512-i8JUDAufpz9jOzo4yIShCTcXzS07vEgWzyX3NH2G7LEFVgrLEhjwL3ajFE4fZI3I4ZgiM7JH3GQ7ReObROvSUA==}
    engines: {node: '>=18'}
    cpu: [riscv64]
    os: [linux]

  '@esbuild/linux-s390x@0.25.4':
    resolution: {integrity: sha512-jFnu+6UbLlzIjPQpWCNh5QtrcNfMLjgIavnwPQAfoGx4q17ocOU9MsQ2QVvFxwQoWpZT8DvTLooTvmOQXkO51g==}
    engines: {node: '>=18'}
    cpu: [s390x]
    os: [linux]

  '@esbuild/linux-x64@0.25.4':
    resolution: {integrity: sha512-6e0cvXwzOnVWJHq+mskP8DNSrKBr1bULBvnFLpc1KY+d+irZSgZ02TGse5FsafKS5jg2e4pbvK6TPXaF/A6+CA==}
    engines: {node: '>=18'}
    cpu: [x64]
    os: [linux]

  '@esbuild/netbsd-arm64@0.25.4':
    resolution: {integrity: sha512-vUnkBYxZW4hL/ie91hSqaSNjulOnYXE1VSLusnvHg2u3jewJBz3YzB9+oCw8DABeVqZGg94t9tyZFoHma8gWZQ==}
    engines: {node: '>=18'}
    cpu: [arm64]
    os: [netbsd]

  '@esbuild/netbsd-x64@0.25.4':
    resolution: {integrity: sha512-XAg8pIQn5CzhOB8odIcAm42QsOfa98SBeKUdo4xa8OvX8LbMZqEtgeWE9P/Wxt7MlG2QqvjGths+nq48TrUiKw==}
    engines: {node: '>=18'}
    cpu: [x64]
    os: [netbsd]

  '@esbuild/openbsd-arm64@0.25.4':
    resolution: {integrity: sha512-Ct2WcFEANlFDtp1nVAXSNBPDxyU+j7+tId//iHXU2f/lN5AmO4zLyhDcpR5Cz1r08mVxzt3Jpyt4PmXQ1O6+7A==}
    engines: {node: '>=18'}
    cpu: [arm64]
    os: [openbsd]

  '@esbuild/openbsd-x64@0.25.4':
    resolution: {integrity: sha512-xAGGhyOQ9Otm1Xu8NT1ifGLnA6M3sJxZ6ixylb+vIUVzvvd6GOALpwQrYrtlPouMqd/vSbgehz6HaVk4+7Afhw==}
    engines: {node: '>=18'}
    cpu: [x64]
    os: [openbsd]

  '@esbuild/sunos-x64@0.25.4':
    resolution: {integrity: sha512-Mw+tzy4pp6wZEK0+Lwr76pWLjrtjmJyUB23tHKqEDP74R3q95luY/bXqXZeYl4NYlvwOqoRKlInQialgCKy67Q==}
    engines: {node: '>=18'}
    cpu: [x64]
    os: [sunos]

  '@esbuild/win32-arm64@0.25.4':
    resolution: {integrity: sha512-AVUP428VQTSddguz9dO9ngb+E5aScyg7nOeJDrF1HPYu555gmza3bDGMPhmVXL8svDSoqPCsCPjb265yG/kLKQ==}
    engines: {node: '>=18'}
    cpu: [arm64]
    os: [win32]

  '@esbuild/win32-ia32@0.25.4':
    resolution: {integrity: sha512-i1sW+1i+oWvQzSgfRcxxG2k4I9n3O9NRqy8U+uugaT2Dy7kLO9Y7wI72haOahxceMX8hZAzgGou1FhndRldxRg==}
    engines: {node: '>=18'}
    cpu: [ia32]
    os: [win32]

  '@esbuild/win32-x64@0.25.4':
    resolution: {integrity: sha512-nOT2vZNw6hJ+z43oP1SPea/G/6AbN6X+bGNhNuq8NtRHy4wsMhw765IKLNmnjek7GvjWBYQ8Q5VBoYTFg9y1UQ==}
    engines: {node: '>=18'}
    cpu: [x64]
    os: [win32]

  '@pirxpilot/connect@4.2.1':
    resolution: {integrity: sha512-IK0WBFX9urDwG0Qe4Y9SQJxmtj/CdF6BOf5JGHJqiYvoDwyyqSU/evjZdqQWwR0XCQRwdvVWklzv0VUsGvb6NQ==}

  '@pirxpilot/cookie-parser@2.0.0':
    resolution: {integrity: sha512-3aIW5905V+YFVYN7u1XhwGKzVPPfqSzgHJ9tjm6gsj0Zp3jZSin5NX7iq87UkANwtrB7sfcxVtvGd43TU5iTsQ==}
    engines: {node: '>= 20'}

  '@pirxpilot/events@1.0.1':
    resolution: {integrity: sha512-Xy/trHRWfkeIAJQZlaJ8wDngGbyK4Q/oWQ32meC6sXBcT7QGu3t5EOz+7yjlFoMM3wX1HL4kSKxG+WQPgCnBWg==}

  '@pirxpilot/jade-core@1.12.2':
    resolution: {integrity: sha512-S6p4vHEANx+Pr712GDFBabpvwWFfCaz2Qq2R260BJ/9o0Q4+NhmfjWVDtXZUQIxDyUIPHQgBeHNH4Z66bcjYDw==}

  '@pirxpilot/k@1.0.1':
    resolution: {integrity: sha512-ArLSBo2EcPFiprpPnYVVbRa7kkJAgxva+9u6swwpIXu6aDAytfgiYapHI5LutOvL2xto3q56MuUMKrUKcgtPTA==}

  '@pirxpilot/on-headers@2.0.0':
    resolution: {integrity: sha512-VyGrSxK5QmH60aGvk1ieb0MZEn3dFyY42lxnMkxPYzc+727FM9efg+tcIT0qblZKBfkmb8W+UKNuxoNV2jQeDQ==}
    engines: {node: '>= 20.0.0'}

  '@pirxpilot/router@1.1.0':
    resolution: {integrity: sha512-kcpxJkJVzeqDJr6oE3gwVC9qhIvAJfoaqK9QiE8WgT9GwlYhZ32d4xA6KltJgj9myqGO8PPvzKPet1OOeoecKA==}
    engines: {node: '>= 0.10'}

  '@pirxpilot/stylus@1.2.0':
    resolution: {integrity: sha512-j/HR4WOlC/UMltqIkpF1XA4PbFyUtzcv/vArDfRjeanBUtDMPSnDeekIObDloO+6mxDHIjoS4Fli05AFmUMU8Q==}
    engines: {node: '>=22'}
    hasBin: true

  '@pirxpilot/swipe@2.0.2':
    resolution: {integrity: sha512-Gc01mbSQDh8RDWxpOMrRuklfww118OOBjrvX/Ik5gyzBCdJ22EU9IbHcO5bD1r3LC1ehSmTEnb1beEgEwkYEjg==}

  accepts@1.3.8:
    resolution: {integrity: sha512-PYAthTa2m2VKxuvSD3DPC/Gy+U+sOA1LAuT8mkmRuvw+NACSaeXEQ+NHcVF7rONl6qcaxV3Uuemwawk+7+SJLw==}
    engines: {node: '>= 0.6'}

  asap@2.0.6:
    resolution: {integrity: sha512-BSHWgDSAiKs50o2Re8ppvp3seVHXSRM44cdSsT9FfNEUUZLOGWVCsiWaRPWM1Znn+mqZ1OfVZ3z3DWEzSp7hRA==}

  assert-never@1.4.0:
    resolution: {integrity: sha512-5oJg84os6NMQNl27T9LnZkvvqzvAnHu03ShCnoj6bsJwS7L8AO4lf+C/XjK/nvzEqQB744moC6V128RucQd1jA==}

  async@2.6.4:
    resolution: {integrity: sha512-mzo5dfJYwAn29PeiJ0zvwTo04zj8HDJj0Mn8TD7sno7q12prdbnasKJHhkm2c1LgrhlJ0teaea8860oxi51mGA==}

  async@3.2.3:
    resolution: {integrity: sha512-spZRyzKL5l5BZQrr/6m/SqFdBN0q3OCI0f9rjfBzCMBIP4p75P620rR3gTmaksNOhmzgdxcaxdNfMy6anrbM0g==}

  babel-walk@3.0.0-canary-5:
    resolution: {integrity: sha512-GAwkz0AihzY5bkwIY5QDR+LvsRQgB/B+1foMPvi0FZPMl5fjD7ICiznUiBdLYMH1QYe6vqu4gWYytZOccLouFw==}
    engines: {node: '>= 10.0.0'}

  basic-auth@2.0.1:
    resolution: {integrity: sha512-NF+epuEdnUYVlGuhaxbbq+dvJttwLnGY+YixlXlME5KpQ5W3CnXA5cVTneY3SPbPDRkcjMbifrwmFYcClgOZeg==}
    engines: {node: '>= 0.8'}

  boolbase@1.0.0:
    resolution: {integrity: sha512-JZOSA7Mo9sNGB8+UjSgzdLtokWAky1zbztM3WRLCbZ70/3cTANmQmOdR7y2g+J0e2WXywy1yS468tY+IruqEww==}

  call-bind-apply-helpers@1.0.2:
    resolution: {integrity: sha512-Sp1ablJ0ivDkSzjcaJdxEunN5/XvksFJ2sMBFfq6x0ryhQV/2b/KwFe21cMpmHtPOSij8K99/wSfoEuTObmuMQ==}
    engines: {node: '>= 0.4'}

  call-bound@1.0.4:
    resolution: {integrity: sha512-+ys997U96po4Kx/ABpBCqhA9EuxJaQWDQg7295H4hBphv3IZg0boBKuwYpt4YXp6MZ5AmZQnU/tyMTlRpaSejg==}
    engines: {node: '>= 0.4'}

  character-parser@1.2.2:
    resolution: {integrity: sha512-LnSfFgPsK7vhyh9zx5zZj6ygRow7Yr4pd2gpa6W7m5PwzgcClAlP0gIueETtKsGFQ3Onm9fBntaRMSG5sDAI9A==}

  colors@1.0.3:
    resolution: {integrity: sha512-pFGrxThWcWQ2MsAz6RtgeWe4NK2kUE1WfsrvvlctdII745EW9I0yflqhe7++M5LEc7bV2c/9/5zc8sFcpL0Drw==}
    engines: {node: '>=0.1.90'}

  commander@14.0.1:
    resolution: {integrity: sha512-2JkV3gUZUVrbNA+1sjBOYLsMZ5cEEl8GTFP2a4AVz5hvasAMCQ1D2l2le/cX+pV4N6ZU17zjUahLpIXRrnWL8A==}
    engines: {node: '>=20'}

  component-emitter@1.3.1:
    resolution: {integrity: sha512-T0+barUSQRTUQASh8bx02dl+DhF54GtIDY13Y3m9oWTklKbb3Wv974meRpeZ3lp1JpLVECWWNHC4vaG2XHXouQ==}

  component-os@0.0.1:
    resolution: {integrity: sha512-ZoGIVg1w3XGMnVM+ssMAUPvDofaI9rpXDSEAFlLICBkHg9SSv9CmB5EwvnwD18QcWNFjam5ccP+MRurFe0VZfw==}

  connect-cachify-static@4.0.1:
    resolution: {integrity: sha512-E6VSjezuKPRHc7jaHMWCS4s9G6kSBngmJRVoHCmO6R8lAYK3onfHHzD1wigIFjyUA9Z6J1owp12IL7+yFzd2Kg==}
    engines: {node: '>= 20.1.0'}
    hasBin: true

  connect-gzip-static@4.2.2:
    resolution: {integrity: sha512-9mfCKkVhSC+GHY/nWTkeSGxqDHvMYW06VSeKD9zsrpoE8QXgPtRRvhGbk1gSNmY0d+jZEgm5FXew/dxmb2OByQ==}
    engines: {node: '>= 20.1.0'}

  connect-renderer@1.0.0:
    resolution: {integrity: sha512-HhsaBqA1lZKrLJnRK3zmcSucqfou2AXsE7F3aORMjzhobGjOj3FYdiwWNrUk9fXsBev+R82EnwCp4sbx4rEWsA==}

  constantinople@4.0.1:
    resolution: {integrity: sha512-vCrqcSIq4//Gx74TXXCGnHpulY1dskqLTFGDmhrGxzeXL8lF8kvXv6mpNWlJj1uD4DW23D4ljAqbY4RRaaUZIw==}

  cookie-signature@1.2.2:
    resolution: {integrity: sha512-D76uU73ulSXrD1UXF4KE2TMxVVwhsnCgfAyTg9k8P6KGZjlXKrOLe4dJQKI3Bxi5wjesZoFXJWElNWBjPZMbhg==}
    engines: {node: '>=6.6.0'}

  cookie@1.0.2:
    resolution: {integrity: sha512-9Kr/j4O16ISv8zBBhJoi4bXOYNTkFLOqSL3UDB0njXxCXNezjeyVrJyGOWtgfs/q2km1gwBcfH8q1yEGoMYunA==}
    engines: {node: '>=18'}

  css-select@5.1.0:
    resolution: {integrity: sha512-nwoRF1rvRRnnCqqY7updORDsuqKzqYJ28+oSMaJMMgOauh3fvwHqMS7EZpIPqK8GL+g9mKxF1vP/ZjSeNjEVHg==}

  css-what@6.1.0:
    resolution: {integrity: sha512-HTUrgRJ7r4dsZKU6GjmpfRK1O76h97Z8MfS1G0FozR+oF2kG6Vfe8JE6zwrkbxigziPHinCJ+gCPjA9EaBDtRw==}
    engines: {node: '>= 6'}

  cycle@1.0.3:
    resolution: {integrity: sha512-TVF6svNzeQCOpjCqsy0/CSy8VgObG3wXusJ73xW2GbG5rGx7lC8zxDSURicsXI2UsGdi2L0QNRCi745/wUDvsA==}
    engines: {node: '>=0.4.0'}

  debounce@2.2.0:
    resolution: {integrity: sha512-Xks6RUDLZFdz8LIdR6q0MTH44k7FikOmnh5xkSjMig6ch45afc8sjTjRQf3P6ax8dMgcQrYO/AR2RGWURrruqw==}
    engines: {node: '>=18'}

  debug@4.4.1:
    resolution: {integrity: sha512-KcKCqiftBJcZr++7ykoDIEwSa3XWowTfNPo92BYxjXiyYEVrUQh2aLyhxBCwww+heortUFxEJYcRzosstTEBYQ==}
    engines: {node: '>=6.0'}
    peerDependencies:
      supports-color: '*'
    peerDependenciesMeta:
      supports-color:
        optional: true

  depd@2.0.0:
    resolution: {integrity: sha512-g7nH6P6dyDioJogAAGprGpCtVImJhpPk/roCzdb3fIh61/s/nPsfR6onyMwkCAR/OlC3yBC0lESvUoQEAssIrw==}
    engines: {node: '>= 0.8'}

  dom-serializer@2.0.0:
    resolution: {integrity: sha512-wIkAryiqt/nV5EQKqQpo3SToSOV9J0DnbJqwK7Wv/Trc92zIAYZ4FlMu+JPFW1DfGFt81ZTCGgDEabffXeLyJg==}

  domelementtype@2.3.0:
    resolution: {integrity: sha512-OLETBj6w0OsagBwdXnPdN0cnMfF9opN69co+7ZrbfPGrdpPVNBUj02spi6B1N7wChLQiPn4CSH/zJvXw56gmHw==}

  domhandler@5.0.3:
    resolution: {integrity: sha512-cgwlv/1iFQiFnU96XXgROh8xTeetsnJiDsTc7TYCLFd9+/WNkIqPTxiM/8pSd8VIrhXGTf1Ny1q1hquVqDJB5w==}
    engines: {node: '>= 4'}

  domutils@3.2.2:
    resolution: {integrity: sha512-6kZKyUajlDuqlHKVX1w7gyslj9MPIXzIFiz/rGu35uC1wMi+kMhQwGhl4lt9unC9Vb9INnY9Z3/ZA3+FhASLaw==}

  dunder-proto@1.0.1:
    resolution: {integrity: sha512-KIN/nDJBQRcXw0MLVhZE9iQHmG68qAVIBg9CqmUYjmQIhgij9U5MFvrqkUL5FbtyyzZuOeOt0zdeRe4UY7ct+A==}
    engines: {node: '>= 0.4'}

  dynload@1.0.2:
    resolution: {integrity: sha512-mz5VEhXWmjpprjjOuh64Hc6X/JlQI850b+aYrpZFMpOEDpBUN5YLp9iDRY0wR1TjRE8wajeWeCb78g6/v/GRqA==}

  ee-first@1.1.1:
    resolution: {integrity: sha512-WMwm9LhRUo+WUaRN+vRuETqG89IgZphVSNkdFgeb6sS/E4OrDIN7t48CAewSHXc6C8lefD8KKfr5vY61brQlow==}

  el-component@1.0.1:
    resolution: {integrity: sha512-YcWzu92UuLH+OempSa/Eb8XJkL1lvrz3LBJIG6PUFiHWCdW9ucbSaygpz9nrvmiNUN8uBUtoRp5cWqT3+BYhOQ==}

  el-component@2.0.2:
    resolution: {integrity: sha512-Rmvqd9V+QkYf7T/VyptyCNHZ9mCbdQ2CaSkxZAN15+xzQfZ3RX93CKMsLW+9JbUwgqV8mohw+U8k0eYb8ancNg==}

  encodeurl@2.0.0:
    resolution: {integrity: sha512-Q0n9HRi4m6JuGIV1eFlmvJB7ZEVxu93IrMyiMsGC0lrMJMWzRgx6WGquyfQgZVb31vhGgXnfmPNNXmxnOkRBrg==}
    engines: {node: '>= 0.8'}

  entities@4.5.0:
    resolution: {integrity: sha512-V0hjH4dGPh9Ao5p0MoRY6BVqtwCjhz6vI5LT8AJ55H+4g9/4vbHx1I54fS0XuclLhDHArPQCiMjDxjaL8fPxhw==}
    engines: {node: '>=0.12'}

  entities@6.0.0:
    resolution: {integrity: sha512-aKstq2TDOndCn4diEyp9Uq/Flu2i1GlLkc6XIDQSDMuaFE3OPW5OphLCyQ5SpSJZTb4reN+kTcYru5yIfXoRPw==}
    engines: {node: '>=0.12'}

  errorhandler@1.5.1:
    resolution: {integrity: sha512-rcOwbfvP1WTViVoUjcfZicVzjhjTuhSMntHh6mW3IrEiyE6mJyXvsToJUJGlGlw/2xU9P5whlWNGlIDVeCiT4A==}
    engines: {node: '>= 0.8'}

  es-define-property@1.0.1:
    resolution: {integrity: sha512-e3nRfgfUZ4rNGL232gUgX06QNyyez04KdjFrF+LTRoOXmrOgFKDg4BCdsjW8EnT69eqdYGmRpJwiPVYNrCaW3g==}
    engines: {node: '>= 0.4'}

  es-errors@1.3.0:
    resolution: {integrity: sha512-Zf5H2Kxt2xjTvbJvP2ZWLEICxA6j+hAmMzIlypy4xcBg1vKVnx89Wy0GbS+kf5cwCVFFzdCFh2XSCFNULS6csw==}
    engines: {node: '>= 0.4'}

  es-object-atoms@1.1.1:
    resolution: {integrity: sha512-FGgH2h8zKNim9ljj7dankFPcICIK9Cp5bm+c2gQSYePhpaG5+esrLODihIorn+Pe6FGJzWhXQotPv73jTaldXA==}
    engines: {node: '>= 0.4'}

  esbuild@0.25.4:
    resolution: {integrity: sha512-8pgjLUcUjcgDg+2Q4NYXnPbo/vncAY4UmyaCm0jZevERqCHZIaWwdJHkf8XQtu4AxSKCdvrUbT0XUr1IdZzI8Q==}
    engines: {node: '>=18'}
    hasBin: true

  escape-html@1.0.3:
    resolution: {integrity: sha512-NiSupZ4OeuGwr68lGIeym/ksIZMJodUGOSCZ/FSnTxcrekbvqrgdUxlJOMpijaKZVjAJrWrGs/6Jy8OMuyj9ow==}

  escape-regexp-component@1.0.2:
    resolution: {integrity: sha512-B0yxafj1D1ZTNEHkFoQxz4iboZSfaZHhaNhIug7GcUCL4ZUrVSJZTmWUAkPOFaYDfi3RNT9XM082TuGE6jpmiQ==}

  etag@1.8.1:
    resolution: {integrity: sha512-aIL5Fx7mawVa300al2BnEE4iNvo1qETxLrPI/o05L7z6go7fCw1J6EQmbK4FmJ2AS7kgVF/KEZWufBfdClMcPg==}
    engines: {node: '>= 0.6'}

  eyes@0.1.8:
    resolution: {integrity: sha512-GipyPsXO1anza0AOZdy69Im7hGFCNB7Y/NGjDlZGJ3GJJLtwNSb2vrzYrTYJRrRloVx7pl+bhUaTB8yiccPvFQ==}
    engines: {node: '> 0.1.90'}

  fresh@2.0.0:
    resolution: {integrity: sha512-Rx/WycZ60HOaqLKAi6cHRKKI7zxWbJ31MhntmtwMoaTeF7XFH9hhBp8vITaMidfljRQ6eYWCKkaTK+ykVJHP2A==}
    engines: {node: '>= 0.8'}

  function-bind@1.1.2:
    resolution: {integrity: sha512-7XHNxH7qX9xG5mIwxkhumTox/MIRNcOgDrxWsMt2pAr23WHp6MrRlN7FBSFpCpr+oVO0F744iUgR82nJMfG2SA==}

  get-intrinsic@1.3.0:
    resolution: {integrity: sha512-9fSjSaos/fRIVIp+xSJlE6lfwhES7LNtKaCBIamHsjr2na1BiABJPo0mOjjz8GJDURarmCPGqaiVg5mfjb98CQ==}
    engines: {node: '>= 0.4'}

  get-proto@1.0.1:
    resolution: {integrity: sha512-sTSfBjoXBp89JvIKIefqw7U2CCebsc74kiY6awiGogKtoSGbgjYE/G/+l9sF3MWFPNc9IcoOC4ODfKHfxFmp0g==}
    engines: {node: '>= 0.4'}

  gopd@1.2.0:
    resolution: {integrity: sha512-ZUKRh6/kUFoAiTAtTYPZJ3hw9wNxx+BIBOijnlG9PnrJsCcSjs1wyyD6vJpaYtgnzDrKYRSqf3OO6Rfa93xsRg==}
    engines: {node: '>= 0.4'}

  has-symbols@1.1.0:
    resolution: {integrity: sha512-1cDNdwJ2Jaohmb3sg4OmKaMBwuC48sYni5HUw2DvsC8LjGTLK9h+eb1X6RyuOHe4hT0ULCW68iomhjUoKUqlPQ==}
    engines: {node: '>= 0.4'}

  has-translate3d@0.0.3:
    resolution: {integrity: sha512-8tA0Rt/VtJaiDxri1oZEIbkmFqJu9GK5pLcL+f6B91MkBgkrRD3IaDSHMu8IOAEn60OUDC2oICcw3Mo1QQk8hw==}

  hasown@2.0.2:
    resolution: {integrity: sha512-0hJU9SCPvmMzIBdZFqNPXWa6dqh7WdH0cII9y+CyS8rG3nL48Bclra9HmKhVVUHyPWNH5Y7xDwAB7bfgSjkUMQ==}
    engines: {node: '>= 0.4'}

  htmlparser2@10.0.0:
    resolution: {integrity: sha512-TwAZM+zE5Tq3lrEHvOlvwgj1XLWQCtaaibSN11Q+gGBAS7Y1uZSWwXXRe4iF6OXnaq1riyQAPFOBtYc77Mxq0g==}

  http-errors@2.0.0:
    resolution: {integrity: sha512-FtwrG/euBzaEjYeRqOgly7G0qviiXoJWnvEH2Z1plBdXgbyjv34pHTSb9zoeHMyDy33+DWy5Wt9Wo+TURtOYSQ==}
    engines: {node: '>= 0.8'}

  inherits@2.0.4:
    resolution: {integrity: sha512-k/vGaX4/Yla3WzyMCvTQOXYeIHvqOKtnqBduzTHpzpQZzAskKMhZ2K+EnBiSM9zGSoIFeMpXKxa4dYeZIQqewQ==}

  is-promise@2.2.2:
    resolution: {integrity: sha512-+lP4/6lKUBfQjZ2pdxThZvLUAafmZb8OAxFb8XXtiQmS35INgr85hdOGoEs124ez1FCnZJt6jau/T+alh58QFQ==}

  isstream@0.1.2:
    resolution: {integrity: sha512-Yljz7ffyPbrLpLngrMtZ7NduUgVvi6wG9RJ9IUcyCd59YQ911PBJphODUcbOVbqYfxe1wuYf/LJ8PauMRwsM/g==}

  js-cookie@3.0.5:
    resolution: {integrity: sha512-cEiJEAEoIbWfCZYKWhVwFuvPX1gETRYPw6LlaTKoxD3s2AkXzkCjnp6h0V77ozyqj0jakteJ4YqDJT830+lVGw==}
    engines: {node: '>=14'}

  jstransformer@1.0.0:
    resolution: {integrity: sha512-C9YK3Rf8q6VAPDCCU9fnqo3mAfOH6vUGnMcP4AQAYIEpWtfGLpwOTmZ+igtdK5y+VvI2n3CyYSzy4Qh34eq24A==}

  limiter@3.0.0:
    resolution: {integrity: sha512-hev7DuXojsTFl2YwyzUJMDnZ/qBDd3yZQLSH3aD4tdL1cqfc3TMnoecEJtWFaQFdErZsKoFMBTxF/FBSkgDbEg==}

  lodash@4.17.21:
    resolution: {integrity: sha512-v2kDEe57lecTulaDIuNTPy3Ry4gLGJ6Z1O3vE1krgXZNrsQ+LFTGHVxVjcXPs17LhbZVGedAJv8XZ1tvj5FvSg==}

  math-intrinsics@1.1.0:
    resolution: {integrity: sha512-/IXtbwEk5HTPyEwyKX6hGkYXxM9nbj64B+ilVJnC/R6B0pH5G4V3b0pVbL7DBj4tkhBAppbQUlf6F6Xl9LHu1g==}
    engines: {node: '>= 0.4'}

  mime-db@1.52.0:
    resolution: {integrity: sha512-sPU4uV7dYlvtWJxwwxHD0PuihVNiE7TyAbQ5SWxDCB9mUYvOgroQOwYQQOKPJ8CIbE+1ETVlOoK1UC2nU3gYvg==}
    engines: {node: '>= 0.6'}

  mime-db@1.54.0:
    resolution: {integrity: sha512-aU5EJuIN2WDemCcAp2vFBfp/m4EAhWJnUNSSw0ixs7/kXbd6Pg64EmwJkNdFhB8aWt1sH2CTXrLxo/iAGV3oPQ==}
    engines: {node: '>= 0.6'}

  mime-types@2.1.35:
    resolution: {integrity: sha512-ZDY+bPm5zTTF+YpCrAU9nK0UgICYPT0QtT1NZWFv4s++TNkcgVaT0g6+4R2uI4MjQjzysHB1zxuWL50hzaeXiw==}
    engines: {node: '>= 0.6'}

  mime-types@3.0.1:
    resolution: {integrity: sha512-xRc4oEhT6eaBpU1XF7AjpOFD+xQmXNB5OVKwp4tqCuBpHLS/ZbBDrc07mYTDqVMg6PfxUjjNp85O6Cd2Z/5HWA==}
    engines: {node: '>= 0.6'}

  morgan@1.10.0:
    resolution: {integrity: sha512-AbegBVI4sh6El+1gNwvD5YIck7nSA36weD7xvIxG4in80j/UoK8AEGaWnnz8v1GxonMCltmlNs5ZKbGvl9b1XQ==}
    engines: {node: '>= 0.8.0'}

  ms@2.1.3:
    resolution: {integrity: sha512-6FlzubTLZG3J2a/NVCAleEhjzq5oxgHyaCU9yYXvcLsvoVaHJq/s5xXI6/XXP6tz7R9xAOtHnSO/tXtF3WRTlA==}

  mute-stream@0.0.8:
    resolution: {integrity: sha512-nnbWWOkoWyUsTjKrhgD0dcz22mdkSnpYqbEjIm2nhwhuxlSkpywJmBo8h0ZqJdkp73mb90SssHkN4rsRaBAfAA==}

  nanoid@3.3.11:
    resolution: {integrity: sha512-N8SpfPUnUp1bK+PMYW8qSWdl9U+wwNWI4QKxOYDy9JAro3WMX7p2OeVRF9v+347pnakNevPmiHhNmZ2HbFA76w==}
    engines: {node: ^10 || ^12 || ^13.7 || ^14 || >=15.0.1}
    hasBin: true

  negotiator@0.6.3:
    resolution: {integrity: sha512-+EUsqGPLsM+j/zdChZjsnX51g4XrHFOIXwfnCVPGlQk/k5giakcKsuxCObBRu6DSm9opw/O6slWbJdghQM4bBg==}
    engines: {node: '>= 0.6'}

  nth-check@2.1.1:
    resolution: {integrity: sha512-lqjrjmaOoAnWfMmBPL+XNnynZh2+swxiX3WUE0s4yEHI6m+AwrK2UZOimIRl3X/4QctVqS8AiZjFqyOGrMXb/w==}

  object-inspect@1.13.4:
    resolution: {integrity: sha512-W67iLl4J2EXEGTbfeHCffrjDfitvLANg0UlX3wFUUSTx92KXRFegMHUVgSqE+wvhAbi4WqjGg9czysTV2Epbew==}
    engines: {node: '>= 0.4'}

  on-finished@2.3.0:
    resolution: {integrity: sha512-ikqdkGAAyf/X/gPhXGvfgAytDZtDbr+bkNUJ0N9h5MI/dmdgCs3l6hoHrcUv41sRKew3jIwrp4qQDXiK99Utww==}
    engines: {node: '>= 0.8'}

  on-finished@2.4.1:
    resolution: {integrity: sha512-oVlzkg3ENAhCk2zdv7IJwd/QUD4z2RxRwpkcGY8psCVcCYZNq4wYnVWALHM+brtuJjePWiYF/ClmuDr8Ch5+kg==}
    engines: {node: '>= 0.8'}

  parseurl@1.3.3:
    resolution: {integrity: sha512-CiyeOxFT/JZyN5m0z9PfXw4SCBJ6Sygz1Dpl0wqjlhDEGGBP1GnsUVEL0p63hoG1fcj3fHynXi9NYO4nWOL+qQ==}
    engines: {node: '>= 0.8'}

  path-to-regexp@8.2.0:
    resolution: {integrity: sha512-TdrF7fW9Rphjq4RjrW0Kp2AW0Ahwu9sRGTkS6bvDi0SCwZlEZYmcfDbEsTz8RVk0EHIS/Vd1bv3JhG+1xZuAyQ==}
    engines: {node: '>=16'}

  picocolors@1.1.1:
    resolution: {integrity: sha512-xceH2snhtb5M9liqDsmEw56le376mTZkEX/jEb/RxNFyegNul7eNslCXP9FDj/Lcu0X8KEyMceP2ntpaHrDEVA==}

  postcss-cachify@4.0.0:
    resolution: {integrity: sha512-ocZNRNMwh131O6JVINL7+uWAcVLtCLhGDXcQiqbXu2tDmCGgT6x5xd04xtC94NhDlNUeYEZ6EJJ8QOxI5k+8SQ==}
    peerDependencies:
      postcss: ~8

  postcss-cli-simple@4.0.3:
    resolution: {integrity: sha512-pqHJAgOjjvsg7xYNcosKQblDy/J6c1glyo8b5DzL4+JJNGh7xoNceLcfBbHBH9hSBvpNyHGFMPMjSR7RIu0EbQ==}
    hasBin: true
    peerDependencies:
      postcss: ~5 || ~6 || ~7 || ~8

  postcss@8.5.3:
    resolution: {integrity: sha512-dle9A3yYxlBSrt8Fu+IpjGT8SY8hN0mlaA6GY8t0P5PjIOZemULz/E2Bnm/2dcUOena75OTNkHI76uZBNUUq3A==}
    engines: {node: ^10 || ^12 || >=14}

  promise@7.3.1:
    resolution: {integrity: sha512-nolQXZ/4L+bP/UGlkfaIujX9BKxGwmQ9OT4mOt5yvy8iK1h3wqTEJCijzGANTCCl9nWjY41juyAn2K3Q1hLLTg==}

  prompt@1.3.0:
    resolution: {integrity: sha512-ZkaRWtaLBZl7KKAKndKYUL8WqNT+cQHKRZnT4RYYms48jQkFw3rrBL+/N5K/KtdEveHkxs982MX2BkDKub2ZMg==}
    engines: {node: '>= 6.0.0'}

  qs@6.14.0:
    resolution: {integrity: sha512-YWWTjgABSKcvs/nWBi9PycY/JiPJqOD4JA6o9Sej2AtvSGarXxKC3OQSk4pAarbdQlKAh5D4FCQkJNkW+GAn3w==}
    engines: {node: '>=0.6'}

  range-parser@1.2.1:
    resolution: {integrity: sha512-Hrgsx+orqoygnmhFbKaHE6c296J+HTAQXoxEF6gNupROmmGJRoyzfG3ccAveqCBrwr/2yxQ5BVd/GTl5agOwSg==}
    engines: {node: '>= 0.6'}

  read@1.0.7:
    resolution: {integrity: sha512-rSOKNYUmaxy0om1BNjMN4ezNT6VKK+2xF4GBhc81mkH7L60i6dp8qPYrkndNLT3QPphoII3maL9PVC9XmhHwVQ==}
    engines: {node: '>=0.8'}

  revalidator@0.1.8:
    resolution: {integrity: sha512-xcBILK2pA9oh4SiinPEZfhP8HfrB/ha+a2fTMyl7Om2WjlDVrOQy99N2MXXlUHqGJz4qEu2duXxHJjDWuK/0xg==}
    engines: {node: '>= 0.4.0'}

  ro-rating@2.0.0:
    resolution: {integrity: sha512-nY3u1O9nqOgcJ7He6WDK7hsVWP+51O4BfeUdaN7nrvbo5/DcEXJVIF5akdms3Ha8bD9hS+dD5nbbzwWlEsBYeQ==}

  safe-buffer@5.1.2:
    resolution: {integrity: sha512-Gd2UZBJDkXlY7GbJxfsE8/nvKkUEU1G38c1siN6QP6a9PT9MmHB8GnpscSmMJSoF8LOIrt8ud/wPtojys4G6+g==}

  sax@1.4.1:
    resolution: {integrity: sha512-+aWOz7yVScEGoKNd4PA10LZ8sk0A/z5+nXQG5giUO5rprX9jgYsTdov9qCchZiPIZezbZH+jRut8nPodFAX4Jg==}

  send@1.2.0:
    resolution: {integrity: sha512-uaW0WwXKpL9blXE2o0bRhoL2EGXIrZxQ2ZQ4mgcfoBxdFmQold+qWsD2jLrfZ0trjKL6vOw0j//eAwcALFjKSw==}
    engines: {node: '>= 18'}

  serve-static@2.2.0:
    resolution: {integrity: sha512-61g9pCh0Vnh7IutZjtLGGpTA355+OPn2TyDv/6ivP2h/AdAVX9azsoxmg2/M6nZeQZNYBEwIcsne1mJd9oQItQ==}
    engines: {node: '>= 18'}

  setprototypeof@1.2.0:
    resolution: {integrity: sha512-E5LDX7Wrp85Kil5bhZv46j8jOeboKq5JMmYM3gVGdGH8xFpPWXUMsNrlODCrkoxMEeNi/XZIwuRvY4XNwYMJpw==}

  side-channel-list@1.0.0:
    resolution: {integrity: sha512-FCLHtRD/gnpCiCHEiJLOwdmFP+wzCmDEkc9y7NsYxeF4u7Btsn1ZuwgwJGxImImHicJArLP4R0yX4c2KCrMrTA==}
    engines: {node: '>= 0.4'}

  side-channel-map@1.0.1:
    resolution: {integrity: sha512-VCjCNfgMsby3tTdo02nbjtM/ewra6jPHmpThenkTYh8pG9ucZ/1P8So4u4FGBek/BjpOVsDCMoLA/iuBKIFXRA==}
    engines: {node: '>= 0.4'}

  side-channel-weakmap@1.0.2:
    resolution: {integrity: sha512-WPS/HvHQTYnHisLo9McqBHOJk2FkHO/tlpvldyrnem4aeQp4hai3gythswg6p01oSoTl58rcpiFAjF2br2Ak2A==}
    engines: {node: '>= 0.4'}

  side-channel@1.1.0:
    resolution: {integrity: sha512-ZX99e6tRweoUXqR+VBrslhda51Nh5MTQwou5tnUDgbtyM0dBgmhEDtWGP/xbKn6hqfPRHujUNwz5fy/wbbhnpw==}
    engines: {node: '>= 0.4'}

  source-map-js@1.2.1:
    resolution: {integrity: sha512-UXWMKhLOwVKb728IUtQPXxfYU+usdybtUrK/8uGE8CQMvrhOpwvzDBwj0QhSL7MQc7vIsISBG8VQ8+IDQxpfQA==}
    engines: {node: '>=0.10.0'}

  source-map@0.7.4:
    resolution: {integrity: sha512-l3BikUxvPOcn5E74dZiq5BGsTb5yEwhaTSzccU6t4sDOH8NWJCstKO5QT2CvtFoK6F0saL7p9xHAqHOlCPJygA==}
    engines: {node: '>= 8'}

  stack-trace@0.0.10:
    resolution: {integrity: sha512-KGzahc7puUKkzyMt+IqAep+TVNbKP+k2Lmwhub39m1AsTSkaDutx56aDCo+HLDzf/D26BIHTJWNiTG1KAJiQCg==}

  statuses@2.0.1:
    resolution: {integrity: sha512-RwNA9Z/7PrK06rYLIzFMlaF+l73iwpzsqRIFgbMLbTcLD6cOao82TaWefPXQvB2fOC4AjuYSEndS7N/mTCbkdQ==}
    engines: {node: '>= 0.8'}

  tiny-pager@1.0.0:
    resolution: {integrity: sha512-Q7R0LBr9TcPFQdcxKaE9fUrJxVY4is4I8xHw3t847hfR6aVuZnbPkRt4hqAXocvupJbNtXaL5jgSUErCrlQa1Q==}

  title-case-minors@1.0.0:
    resolution: {integrity: sha512-GFT+1ZjqJgq5AywOXjl9VelGgqMpOtfwdxYaYy3eUE1gbyxneeSnADLoov7TxXelqftIhlblsnHVqw5hNFUbGQ==}

  to-capital-case@1.0.0:
    resolution: {integrity: sha512-mfERGNFweI+x+OctN7rlbZQqDC68BjXEt9gOrf8qy26IyqQyUTqfdKQBN3XhqN0fP9Pl4zaoXKGeWv+wSPXIyQ==}

  to-no-case@1.0.2:
    resolution: {integrity: sha512-Z3g735FxuZY8rodxV4gH7LxClE4H0hTIyHNIHdk+vpQxjLm0cwnKXq/OFVZ76SOQmto7txVcwSCwkU5kqp+FKg==}

  to-sentence-case@1.0.0:
    resolution: {integrity: sha512-egaI3iiTSS5FpN8ZiN08Kqx8EQDTK4yqnp5m2WqR5qGSMLi605gYn887drlyZFn+lLMQAOC7tABafk/oQIoqGQ==}

  to-space-case@1.0.0:
    resolution: {integrity: sha512-rLdvwXZ39VOn1IxGL3V6ZstoTbwLRckQmn/U8ZDLuWwIXNpuZDhQ3AiRUlhTbOXFVE9C+dR51wM0CBDhk31VcA==}

  to-title-case@1.0.0:
    resolution: {integrity: sha512-zy39Lh3pLnDIvS7PEoPNIo7Jbm7IK4NCruhQDEsHmVmvqn4v+WlwgQZtHESbYxnwhU0YCdTJJ4IQshR2XWYVFw==}

  toidentifier@1.0.1:
    resolution: {integrity: sha512-o5sSPKEkg/DIQNmH43V0/uerLrpzVedkUh8tGNvaeXpfpuwjKenlSox/2O/BTlZUtEe+JG7s5YhEz608PlAHRA==}
    engines: {node: '>=0.6'}

  transform-property@0.0.1:
    resolution: {integrity: sha512-L0nMJCwu3/Lpd5t/pRQl+JoYU5V0sYubcn30yWZnHG0HjC6Gdr/Eg/bun1OixYPmsEZdA7Khbq2jiSIjzlEv6Q==}

  undici@7.10.0:
    resolution: {integrity: sha512-u5otvFBOBZvmdjWLVW+5DAc9Nkq8f24g0O9oY7qw2JVIF1VocIFoyz9JFkuVOS2j41AufeO0xnlweJ2RLT8nGw==}
    engines: {node: '>=20.18.1'}

  void-elements@3.1.0:
    resolution: {integrity: sha512-Dhxzh5HZuiHQhbvTW9AMetFfBHDMYpo23Uo9btPXgdYP+3T5S+p+jgNy7spra+veYhBP2dCSgxR/i2Y02h5/6w==}
    engines: {node: '>=0.10.0'}

  winston@2.4.7:
    resolution: {integrity: sha512-vLB4BqzCKDnnZH9PHGoS2ycawueX4HLqENXQitvFHczhgW2vFpSOn31LZtVr1KU8YTw7DS4tM+cqyovxo8taVg==}
    engines: {node: '>= 0.10.0'}

  with@7.0.2:
    resolution: {integrity: sha512-RNGKj82nUPg3g5ygxkQl0R937xLyho1J24ItRCBTr/m1YnZkzJy1hUiHUJrc/VlsDQzsCnInEGSg3bci0Lmd4w==}
    engines: {node: '>= 10.0.0'}

  yargs-parser@21.1.1:
    resolution: {integrity: sha512-tVpsJW7DdjecAiFpbIB1e3qxIQsE6NoPc5/eTdrbbIC4h0LVsWhnoa3g+m2HclBIujHzsxZ4VJVA+GUuc2/LBw==}
    engines: {node: '>=12'}

  yields-k-sequence@0.1.0:
    resolution: {integrity: sha512-RloTyZsmFaim7lcHeGpBhUwne/tkgmM9YZ3Hd/WpmS0LjLDnpmQWlKxv4WLfWT4VIaCK6WJz8xV0NFH6TyutAg==}

  yields-keycode@1.1.0:
    resolution: {integrity: sha512-5xkHkiEa8TRGlcDzOvVXrVhhLbla9WDFmHsN2tyTtFwxwCo7cpJdvOczvaUjSQKay3VuW5sV4jMtiesTKbZYXw==}

snapshots:

  '@babel/helper-string-parser@7.27.1': {}

  '@babel/helper-validator-identifier@7.27.1': {}

  '@babel/parser@7.27.2':
    dependencies:
      '@babel/types': 7.27.1

  '@babel/types@7.27.1':
    dependencies:
      '@babel/helper-string-parser': 7.27.1
      '@babel/helper-validator-identifier': 7.27.1

  '@biomejs/biome@2.2.6':
    optionalDependencies:
      '@biomejs/cli-darwin-arm64': 2.2.6
      '@biomejs/cli-darwin-x64': 2.2.6
      '@biomejs/cli-linux-arm64': 2.2.6
      '@biomejs/cli-linux-arm64-musl': 2.2.6
      '@biomejs/cli-linux-x64': 2.2.6
      '@biomejs/cli-linux-x64-musl': 2.2.6
      '@biomejs/cli-win32-arm64': 2.2.6
      '@biomejs/cli-win32-x64': 2.2.6

  '@biomejs/cli-darwin-arm64@2.2.6':
    optional: true

  '@biomejs/cli-darwin-x64@2.2.6':
    optional: true

  '@biomejs/cli-linux-arm64-musl@2.2.6':
    optional: true

  '@biomejs/cli-linux-arm64@2.2.6':
    optional: true

  '@biomejs/cli-linux-x64-musl@2.2.6':
    optional: true

  '@biomejs/cli-linux-x64@2.2.6':
    optional: true

  '@biomejs/cli-win32-arm64@2.2.6':
    optional: true

  '@biomejs/cli-win32-x64@2.2.6':
    optional: true

  '@colors/colors@1.5.0': {}

  '@esbuild/aix-ppc64@0.25.4':
    optional: true

  '@esbuild/android-arm64@0.25.4':
    optional: true

  '@esbuild/android-arm@0.25.4':
    optional: true

  '@esbuild/android-x64@0.25.4':
    optional: true

  '@esbuild/darwin-arm64@0.25.4':
    optional: true

  '@esbuild/darwin-x64@0.25.4':
    optional: true

  '@esbuild/freebsd-arm64@0.25.4':
    optional: true

  '@esbuild/freebsd-x64@0.25.4':
    optional: true

  '@esbuild/linux-arm64@0.25.4':
    optional: true

  '@esbuild/linux-arm@0.25.4':
    optional: true

  '@esbuild/linux-ia32@0.25.4':
    optional: true

  '@esbuild/linux-loong64@0.25.4':
    optional: true

  '@esbuild/linux-mips64el@0.25.4':
    optional: true

  '@esbuild/linux-ppc64@0.25.4':
    optional: true

  '@esbuild/linux-riscv64@0.25.4':
    optional: true

  '@esbuild/linux-s390x@0.25.4':
    optional: true

  '@esbuild/linux-x64@0.25.4':
    optional: true

  '@esbuild/netbsd-arm64@0.25.4':
    optional: true

  '@esbuild/netbsd-x64@0.25.4':
    optional: true

  '@esbuild/openbsd-arm64@0.25.4':
    optional: true

  '@esbuild/openbsd-x64@0.25.4':
    optional: true

  '@esbuild/sunos-x64@0.25.4':
    optional: true

  '@esbuild/win32-arm64@0.25.4':
    optional: true

  '@esbuild/win32-ia32@0.25.4':
    optional: true

  '@esbuild/win32-x64@0.25.4':
    optional: true

  '@pirxpilot/connect@4.2.1':
    dependencies:
      debug: 4.4.1
      parseurl: 1.3.3
    transitivePeerDependencies:
      - supports-color

  '@pirxpilot/cookie-parser@2.0.0':
    dependencies:
      cookie: 1.0.2
      cookie-signature: 1.2.2

  '@pirxpilot/events@1.0.1': {}

  '@pirxpilot/jade-core@1.12.2':
    dependencies:
      character-parser: 1.2.2
      constantinople: 4.0.1
      jstransformer: 1.0.0
      void-elements: 3.1.0
      with: 7.0.2

  '@pirxpilot/k@1.0.1':
    dependencies:
      component-os: 0.0.1
      yields-k-sequence: 0.1.0
      yields-keycode: 1.1.0

  '@pirxpilot/on-headers@2.0.0': {}

  '@pirxpilot/router@1.1.0':
    dependencies:
      parseurl: 1.3.3
      path-to-regexp: 8.2.0

  '@pirxpilot/stylus@1.2.0':
    dependencies:
      debug: 4.4.1
      sax: 1.4.1
      source-map: 0.7.4
    transitivePeerDependencies:
      - supports-color

  '@pirxpilot/swipe@2.0.2':
    dependencies:
      '@pirxpilot/events': 1.0.1
      component-emitter: 1.3.1
      has-translate3d: 0.0.3

  accepts@1.3.8:
    dependencies:
      mime-types: 2.1.35
      negotiator: 0.6.3

  asap@2.0.6: {}

  assert-never@1.4.0: {}

  async@2.6.4:
    dependencies:
      lodash: 4.17.21

  async@3.2.3: {}

  babel-walk@3.0.0-canary-5:
    dependencies:
      '@babel/types': 7.27.1

  basic-auth@2.0.1:
    dependencies:
      safe-buffer: 5.1.2

  boolbase@1.0.0: {}

  call-bind-apply-helpers@1.0.2:
    dependencies:
      es-errors: 1.3.0
      function-bind: 1.1.2

  call-bound@1.0.4:
    dependencies:
      call-bind-apply-helpers: 1.0.2
      get-intrinsic: 1.3.0

  character-parser@1.2.2: {}

  colors@1.0.3: {}

  commander@14.0.1: {}

  component-emitter@1.3.1: {}

  component-os@0.0.1: {}

  connect-cachify-static@4.0.1:
    dependencies:
      debug: 4.4.1
      on-headers: '@pirxpilot/on-headers@2.0.0'
      parseurl: 1.3.3
    transitivePeerDependencies:
      - supports-color

  connect-gzip-static@4.2.2:
    dependencies:
      debug: 4.4.1
      mime-types: 3.0.1
      parseurl: 1.3.3
      send: 1.2.0
      serve-static: 2.2.0
    transitivePeerDependencies:
      - supports-color

  connect-renderer@1.0.0:
    dependencies:
      debug: 4.4.1
    transitivePeerDependencies:
      - supports-color

  constantinople@4.0.1:
    dependencies:
      '@babel/parser': 7.27.2
      '@babel/types': 7.27.1

  cookie-signature@1.2.2: {}

  cookie@1.0.2: {}

  css-select@5.1.0:
    dependencies:
      boolbase: 1.0.0
      css-what: 6.1.0
      domhandler: 5.0.3
      domutils: 3.2.2
      nth-check: 2.1.1

  css-what@6.1.0: {}

  cycle@1.0.3: {}

  debounce@2.2.0: {}

  debug@4.4.1:
    dependencies:
      ms: 2.1.3

  depd@2.0.0: {}

  dom-serializer@2.0.0:
    dependencies:
      domelementtype: 2.3.0
      domhandler: 5.0.3
      entities: 4.5.0

  domelementtype@2.3.0: {}

  domhandler@5.0.3:
    dependencies:
      domelementtype: 2.3.0

  domutils@3.2.2:
    dependencies:
      dom-serializer: 2.0.0
      domelementtype: 2.3.0
      domhandler: 5.0.3

  dunder-proto@1.0.1:
    dependencies:
      call-bind-apply-helpers: 1.0.2
      es-errors: 1.3.0
      gopd: 1.2.0

  dynload@1.0.2: {}

  ee-first@1.1.1: {}

  el-component@1.0.1: {}

  el-component@2.0.2: {}

  encodeurl@2.0.0: {}

  entities@4.5.0: {}

  entities@6.0.0: {}

  errorhandler@1.5.1:
    dependencies:
      accepts: 1.3.8
      escape-html: 1.0.3

  es-define-property@1.0.1: {}

  es-errors@1.3.0: {}

  es-object-atoms@1.1.1:
    dependencies:
      es-errors: 1.3.0

  esbuild@0.25.4:
    optionalDependencies:
      '@esbuild/aix-ppc64': 0.25.4
      '@esbuild/android-arm': 0.25.4
      '@esbuild/android-arm64': 0.25.4
      '@esbuild/android-x64': 0.25.4
      '@esbuild/darwin-arm64': 0.25.4
      '@esbuild/darwin-x64': 0.25.4
      '@esbuild/freebsd-arm64': 0.25.4
      '@esbuild/freebsd-x64': 0.25.4
      '@esbuild/linux-arm': 0.25.4
      '@esbuild/linux-arm64': 0.25.4
      '@esbuild/linux-ia32': 0.25.4
      '@esbuild/linux-loong64': 0.25.4
      '@esbuild/linux-mips64el': 0.25.4
      '@esbuild/linux-ppc64': 0.25.4
      '@esbuild/linux-riscv64': 0.25.4
      '@esbuild/linux-s390x': 0.25.4
      '@esbuild/linux-x64': 0.25.4
      '@esbuild/netbsd-arm64': 0.25.4
      '@esbuild/netbsd-x64': 0.25.4
      '@esbuild/openbsd-arm64': 0.25.4
      '@esbuild/openbsd-x64': 0.25.4
      '@esbuild/sunos-x64': 0.25.4
      '@esbuild/win32-arm64': 0.25.4
      '@esbuild/win32-ia32': 0.25.4
      '@esbuild/win32-x64': 0.25.4

  escape-html@1.0.3: {}

  escape-regexp-component@1.0.2: {}

  etag@1.8.1: {}

  eyes@0.1.8: {}

  fresh@2.0.0: {}

  function-bind@1.1.2: {}

  get-intrinsic@1.3.0:
    dependencies:
      call-bind-apply-helpers: 1.0.2
      es-define-property: 1.0.1
      es-errors: 1.3.0
      es-object-atoms: 1.1.1
      function-bind: 1.1.2
      get-proto: 1.0.1
      gopd: 1.2.0
      has-symbols: 1.1.0
      hasown: 2.0.2
      math-intrinsics: 1.1.0

  get-proto@1.0.1:
    dependencies:
      dunder-proto: 1.0.1
      es-object-atoms: 1.1.1

  gopd@1.2.0: {}

  has-symbols@1.1.0: {}

  has-translate3d@0.0.3:
    dependencies:
      transform-property: 0.0.1

  hasown@2.0.2:
    dependencies:
      function-bind: 1.1.2

  htmlparser2@10.0.0:
    dependencies:
      domelementtype: 2.3.0
      domhandler: 5.0.3
      domutils: 3.2.2
      entities: 6.0.0

  http-errors@2.0.0:
    dependencies:
      depd: 2.0.0
      inherits: 2.0.4
      setprototypeof: 1.2.0
      statuses: 2.0.1
      toidentifier: 1.0.1

  inherits@2.0.4: {}

  is-promise@2.2.2: {}

  isstream@0.1.2: {}

  js-cookie@3.0.5: {}

  jstransformer@1.0.0:
    dependencies:
      is-promise: 2.2.2
      promise: 7.3.1

  limiter@3.0.0: {}

  lodash@4.17.21: {}

  math-intrinsics@1.1.0: {}

  mime-db@1.52.0: {}

  mime-db@1.54.0: {}

  mime-types@2.1.35:
    dependencies:
      mime-db: 1.52.0

  mime-types@3.0.1:
    dependencies:
      mime-db: 1.54.0

  morgan@1.10.0:
    dependencies:
      basic-auth: 2.0.1
      debug: 4.4.1
      depd: 2.0.0
      on-finished: 2.3.0
      on-headers: '@pirxpilot/on-headers@2.0.0'
    transitivePeerDependencies:
      - supports-color

  ms@2.1.3: {}

  mute-stream@0.0.8: {}

  nanoid@3.3.11: {}

  negotiator@0.6.3: {}

  nth-check@2.1.1:
    dependencies:
      boolbase: 1.0.0

  object-inspect@1.13.4: {}

  on-finished@2.3.0:
    dependencies:
      ee-first: 1.1.1

  on-finished@2.4.1:
    dependencies:
      ee-first: 1.1.1

  parseurl@1.3.3: {}

  path-to-regexp@8.2.0: {}

  picocolors@1.1.1: {}

  postcss-cachify@4.0.0(postcss@8.5.3):
    dependencies:
      connect-cachify-static: 4.0.1
      debug: 4.4.1
      postcss: 8.5.3
    transitivePeerDependencies:
      - supports-color

  postcss-cli-simple@4.0.3(postcss@8.5.3):
    dependencies:
      postcss: 8.5.3
      yargs-parser: 21.1.1

  postcss@8.5.3:
    dependencies:
      nanoid: 3.3.11
      picocolors: 1.1.1
      source-map-js: 1.2.1

  promise@7.3.1:
    dependencies:
      asap: 2.0.6

  prompt@1.3.0:
    dependencies:
      '@colors/colors': 1.5.0
      async: 3.2.3
      read: 1.0.7
      revalidator: 0.1.8
      winston: 2.4.7

  qs@6.14.0:
    dependencies:
      side-channel: 1.1.0

  range-parser@1.2.1: {}

  read@1.0.7:
    dependencies:
      mute-stream: 0.0.8

  revalidator@0.1.8: {}

  ro-rating@2.0.0: {}

  safe-buffer@5.1.2: {}

  sax@1.4.1: {}

  send@1.2.0:
    dependencies:
      debug: 4.4.1
      encodeurl: 2.0.0
      escape-html: 1.0.3
      etag: 1.8.1
      fresh: 2.0.0
      http-errors: 2.0.0
      mime-types: 3.0.1
      ms: 2.1.3
      on-finished: 2.4.1
      range-parser: 1.2.1
      statuses: 2.0.1
    transitivePeerDependencies:
      - supports-color

  serve-static@2.2.0:
    dependencies:
      encodeurl: 2.0.0
      escape-html: 1.0.3
      parseurl: 1.3.3
      send: 1.2.0
    transitivePeerDependencies:
      - supports-color

  setprototypeof@1.2.0: {}

  side-channel-list@1.0.0:
    dependencies:
      es-errors: 1.3.0
      object-inspect: 1.13.4

  side-channel-map@1.0.1:
    dependencies:
      call-bound: 1.0.4
      es-errors: 1.3.0
      get-intrinsic: 1.3.0
      object-inspect: 1.13.4

  side-channel-weakmap@1.0.2:
    dependencies:
      call-bound: 1.0.4
      es-errors: 1.3.0
      get-intrinsic: 1.3.0
      object-inspect: 1.13.4
      side-channel-map: 1.0.1

  side-channel@1.1.0:
    dependencies:
      es-errors: 1.3.0
      object-inspect: 1.13.4
      side-channel-list: 1.0.0
      side-channel-map: 1.0.1
      side-channel-weakmap: 1.0.2

  source-map-js@1.2.1: {}

  source-map@0.7.4: {}

  stack-trace@0.0.10: {}

  statuses@2.0.1: {}

  tiny-pager@1.0.0:
    dependencies:
      component-emitter: 1.3.1
      el-component: 1.0.1

  title-case-minors@1.0.0: {}

  to-capital-case@1.0.0:
    dependencies:
      to-space-case: 1.0.0

  to-no-case@1.0.2: {}

  to-sentence-case@1.0.0:
    dependencies:
      to-no-case: 1.0.2

  to-space-case@1.0.0:
    dependencies:
      to-no-case: 1.0.2

  to-title-case@1.0.0:
    dependencies:
      escape-regexp-component: 1.0.2
      title-case-minors: 1.0.0
      to-capital-case: 1.0.0
      to-sentence-case: 1.0.0

  toidentifier@1.0.1: {}

  transform-property@0.0.1: {}

  undici@7.10.0: {}

  void-elements@3.1.0: {}

  winston@2.4.7:
    dependencies:
      async: 2.6.4
      colors: 1.0.3
      cycle: 1.0.3
      eyes: 0.1.8
      isstream: 0.1.2
      stack-trace: 0.0.10

  with@7.0.2:
    dependencies:
      '@babel/parser': 7.27.2
      '@babel/types': 7.27.1
      assert-never: 1.4.0
      babel-walk: 3.0.0-canary-5

  yargs-parser@21.1.1: {}

  yields-k-sequence@0.1.0:
    dependencies:
      yields-keycode: 1.1.0

  yields-keycode@1.1.0: {}
