lockfileVersion: '9.0'

settings:
  autoInstallPeers: true
  excludeLinksFromLockfile: false

overrides:
  on-headers: npm:@pirxpilot/on-headers@2.0.0
  debug: ~4

importers:

  .:
    dependencies:
      '@pirxpilot/connect':
        specifier: ^5.0.0
        version: 5.0.0
      '@pirxpilot/cookie-parser':
        specifier: ~3
        version: 3.0.0
      '@pirxpilot/jade-core':
        specifier: ^1.12.1
        version: 1.12.2
      '@pirxpilot/k':
        specifier: ^1.0.0
        version: 1.0.1
      '@pirxpilot/router':
        specifier: ~2
        version: 2.0.0
      '@pirxpilot/swipe':
        specifier: ^3.0.0
        version: 3.0.0
      connect-cachify-static:
        specifier: ~5
        version: 5.0.1
      connect-gzip-static:
        specifier: ~5
        version: 5.0.0
      connect-renderer:
        specifier: ^2.0.0
        version: 2.0.0
      css-select:
        specifier: ~6
        version: 6.0.0
      debounce:
        specifier: ^3.0.0
        version: 3.0.0
      debug:
        specifier: ~4
        version: 4.4.3
      domelementtype:
        specifier: ^2.3.0
        version: 2.3.0
      domhandler:
        specifier: ~5
        version: 5.0.3
      dynload:
        specifier: ^1.0.2
        version: 1.0.2
      el-component:
        specifier: ~2
        version: 2.0.2
      errorhandler:
        specifier: ^1.5.0
        version: 1.5.2
      esbuild:
        specifier: ^0.27.1
        version: 0.27.2
      htmlparser2:
        specifier: ~10
        version: 10.1.0
      js-cookie:
        specifier: ^3.0.5
        version: 3.0.5
      limiter:
        specifier: ~3
        version: 3.0.0
      lodash:
        specifier: ^4.16.6
        version: 4.17.23
      morgan:
        specifier: ^1.9.0
        version: 1.10.1
      parseurl:
        specifier: ^1.3.3
        version: 1.3.3
      ro-rating:
        specifier: ~2
        version: 2.0.0
      tiny-pager:
        specifier: ^2.0.0
        version: 2.0.0
      to-title-case:
        specifier: ^1.0.0
        version: 1.0.0
    devDependencies:
      '@biomejs/biome':
        specifier: 2.3.14
        version: 2.3.14
      '@pirxpilot/stylus':
        specifier: ^1.2.0
        version: 1.2.0
      commander:
        specifier: ~14
        version: 14.0.3
      postcss:
        specifier: ~8
        version: 8.5.6
      postcss-cachify:
        specifier: ^5.0.0
        version: 5.0.1(postcss@8.5.6)
      postcss-cli-simple:
        specifier: ~4.0.0
        version: 4.0.5(postcss@8.5.6)
      prompt:
        specifier: ~1
        version: 1.3.0
      undici:
        specifier: ^7.10.0
        version: 7.20.0

packages:

  '@babel/helper-string-parser@7.27.1':
    resolution: {integrity: sha512-qMlSxKbpRlAridDExk92nSobyDdpPijUq2DW6oDnUqd0iOGxmQjyqhMIihI9+zv4LPyZdRje2cavWPbCbWm3eA==}
    engines: {node: '>=6.9.0'}

  '@babel/helper-validator-identifier@7.28.5':
    resolution: {integrity: sha512-qSs4ifwzKJSV39ucNjsvc6WVHs6b7S03sOh2OcHF9UHfVPqWWALUsNUVzhSBiItjRZoLHx7nIarVjqKVusUZ1Q==}
    engines: {node: '>=6.9.0'}

  '@babel/parser@7.29.0':
    resolution: {integrity: sha512-IyDgFV5GeDUVX4YdF/3CPULtVGSXXMLh1xVIgdCgxApktqnQV0r7/8Nqthg+8YLGaAtdyIlo2qIdZrbCv4+7ww==}
    engines: {node: '>=6.0.0'}
    hasBin: true

  '@babel/types@7.29.0':
    resolution: {integrity: sha512-LwdZHpScM4Qz8Xw2iKSzS+cfglZzJGvofQICy7W7v4caru4EaAmyUuO6BGrbyQ2mYV11W0U8j5mBhd14dd3B0A==}
    engines: {node: '>=6.9.0'}

  '@biomejs/biome@2.3.14':
    resolution: {integrity: sha512-QMT6QviX0WqXJCaiqVMiBUCr5WRQ1iFSjvOLoTk6auKukJMvnMzWucXpwZB0e8F00/1/BsS9DzcKgWH+CLqVuA==}
    engines: {node: '>=14.21.3'}
    hasBin: true

  '@biomejs/cli-darwin-arm64@2.3.14':
    resolution: {integrity: sha512-UJGPpvWJMkLxSRtpCAKfKh41Q4JJXisvxZL8ChN1eNW3m/WlPFJ6EFDCE7YfUb4XS8ZFi3C1dFpxUJ0Ety5n+A==}
    engines: {node: '>=14.21.3'}
    cpu: [arm64]
    os: [darwin]

  '@biomejs/cli-darwin-x64@2.3.14':
    resolution: {integrity: sha512-PNkLNQG6RLo8lG7QoWe/hhnMxJIt1tEimoXpGQjwS/dkdNiKBLPv4RpeQl8o3s1OKI3ZOR5XPiYtmbGGHAOnLA==}
    engines: {node: '>=14.21.3'}
    cpu: [x64]
    os: [darwin]

  '@biomejs/cli-linux-arm64-musl@2.3.14':
    resolution: {integrity: sha512-LInRbXhYujtL3sH2TMCH/UBwJZsoGwfQjBrMfl84CD4hL/41C/EU5mldqf1yoFpsI0iPWuU83U+nB2TUUypWeg==}
    engines: {node: '>=14.21.3'}
    cpu: [arm64]
    os: [linux]
    libc: [musl]

  '@biomejs/cli-linux-arm64@2.3.14':
    resolution: {integrity: sha512-KT67FKfzIw6DNnUNdYlBg+eU24Go3n75GWK6NwU4+yJmDYFe9i/MjiI+U/iEzKvo0g7G7MZqoyrhIYuND2w8QQ==}
    engines: {node: '>=14.21.3'}
    cpu: [arm64]
    os: [linux]
    libc: [glibc]

  '@biomejs/cli-linux-x64-musl@2.3.14':
    resolution: {integrity: sha512-KQU7EkbBBuHPW3/rAcoiVmhlPtDSGOGRPv9js7qJVpYTzjQmVR+C9Rfcz+ti8YCH+zT1J52tuBybtP4IodjxZQ==}
    engines: {node: '>=14.21.3'}
    cpu: [x64]
    os: [linux]
    libc: [musl]

  '@biomejs/cli-linux-x64@2.3.14':
    resolution: {integrity: sha512-ZsZzQsl9U+wxFrGGS4f6UxREUlgHwmEfu1IrXlgNFrNnd5Th6lIJr8KmSzu/+meSa9f4rzFrbEW9LBBA6ScoMA==}
    engines: {node: '>=14.21.3'}
    cpu: [x64]
    os: [linux]
    libc: [glibc]

  '@biomejs/cli-win32-arm64@2.3.14':
    resolution: {integrity: sha512-+IKYkj/pUBbnRf1G1+RlyA3LWiDgra1xpS7H2g4BuOzzRbRB+hmlw0yFsLprHhbbt7jUzbzAbAjK/Pn0FDnh1A==}
    engines: {node: '>=14.21.3'}
    cpu: [arm64]
    os: [win32]

  '@biomejs/cli-win32-x64@2.3.14':
    resolution: {integrity: sha512-oizCjdyQ3WJEswpb3Chdngeat56rIdSYK12JI3iI11Mt5T5EXcZ7WLuowzEaFPNJ3zmOQFliMN8QY1Pi+qsfdQ==}
    engines: {node: '>=14.21.3'}
    cpu: [x64]
    os: [win32]

  '@colors/colors@1.5.0':
    resolution: {integrity: sha512-ooWCrlZP11i8GImSjTHYHLkvFDP48nS4+204nGb1RiX/WXYHmJA2III9/e2DWVabCESdW7hBAEzHRqUn9OUVvQ==}
    engines: {node: '>=0.1.90'}

  '@esbuild/aix-ppc64@0.27.2':
    resolution: {integrity: sha512-GZMB+a0mOMZs4MpDbj8RJp4cw+w1WV5NYD6xzgvzUJ5Ek2jerwfO2eADyI6ExDSUED+1X8aMbegahsJi+8mgpw==}
    engines: {node: '>=18'}
    cpu: [ppc64]
    os: [aix]

  '@esbuild/android-arm64@0.27.2':
    resolution: {integrity: sha512-pvz8ZZ7ot/RBphf8fv60ljmaoydPU12VuXHImtAs0XhLLw+EXBi2BLe3OYSBslR4rryHvweW5gmkKFwTiFy6KA==}
    engines: {node: '>=18'}
    cpu: [arm64]
    os: [android]

  '@esbuild/android-arm@0.27.2':
    resolution: {integrity: sha512-DVNI8jlPa7Ujbr1yjU2PfUSRtAUZPG9I1RwW4F4xFB1Imiu2on0ADiI/c3td+KmDtVKNbi+nffGDQMfcIMkwIA==}
    engines: {node: '>=18'}
    cpu: [arm]
    os: [android]

  '@esbuild/android-x64@0.27.2':
    resolution: {integrity: sha512-z8Ank4Byh4TJJOh4wpz8g2vDy75zFL0TlZlkUkEwYXuPSgX8yzep596n6mT7905kA9uHZsf/o2OJZubl2l3M7A==}
    engines: {node: '>=18'}
    cpu: [x64]
    os: [android]

  '@esbuild/darwin-arm64@0.27.2':
    resolution: {integrity: sha512-davCD2Zc80nzDVRwXTcQP/28fiJbcOwvdolL0sOiOsbwBa72kegmVU0Wrh1MYrbuCL98Omp5dVhQFWRKR2ZAlg==}
    engines: {node: '>=18'}
    cpu: [arm64]
    os: [darwin]

  '@esbuild/darwin-x64@0.27.2':
    resolution: {integrity: sha512-ZxtijOmlQCBWGwbVmwOF/UCzuGIbUkqB1faQRf5akQmxRJ1ujusWsb3CVfk/9iZKr2L5SMU5wPBi1UWbvL+VQA==}
    engines: {node: '>=18'}
    cpu: [x64]
    os: [darwin]

  '@esbuild/freebsd-arm64@0.27.2':
    resolution: {integrity: sha512-lS/9CN+rgqQ9czogxlMcBMGd+l8Q3Nj1MFQwBZJyoEKI50XGxwuzznYdwcav6lpOGv5BqaZXqvBSiB/kJ5op+g==}
    engines: {node: '>=18'}
    cpu: [arm64]
    os: [freebsd]

  '@esbuild/freebsd-x64@0.27.2':
    resolution: {integrity: sha512-tAfqtNYb4YgPnJlEFu4c212HYjQWSO/w/h/lQaBK7RbwGIkBOuNKQI9tqWzx7Wtp7bTPaGC6MJvWI608P3wXYA==}
    engines: {node: '>=18'}
    cpu: [x64]
    os: [freebsd]

  '@esbuild/linux-arm64@0.27.2':
    resolution: {integrity: sha512-hYxN8pr66NsCCiRFkHUAsxylNOcAQaxSSkHMMjcpx0si13t1LHFphxJZUiGwojB1a/Hd5OiPIqDdXONia6bhTw==}
    engines: {node: '>=18'}
    cpu: [arm64]
    os: [linux]

  '@esbuild/linux-arm@0.27.2':
    resolution: {integrity: sha512-vWfq4GaIMP9AIe4yj1ZUW18RDhx6EPQKjwe7n8BbIecFtCQG4CfHGaHuh7fdfq+y3LIA2vGS/o9ZBGVxIDi9hw==}
    engines: {node: '>=18'}
    cpu: [arm]
    os: [linux]

  '@esbuild/linux-ia32@0.27.2':
    resolution: {integrity: sha512-MJt5BRRSScPDwG2hLelYhAAKh9imjHK5+NE/tvnRLbIqUWa+0E9N4WNMjmp/kXXPHZGqPLxggwVhz7QP8CTR8w==}
    engines: {node: '>=18'}
    cpu: [ia32]
    os: [linux]

  '@esbuild/linux-loong64@0.27.2':
    resolution: {integrity: sha512-lugyF1atnAT463aO6KPshVCJK5NgRnU4yb3FUumyVz+cGvZbontBgzeGFO1nF+dPueHD367a2ZXe1NtUkAjOtg==}
    engines: {node: '>=18'}
    cpu: [loong64]
    os: [linux]

  '@esbuild/linux-mips64el@0.27.2':
    resolution: {integrity: sha512-nlP2I6ArEBewvJ2gjrrkESEZkB5mIoaTswuqNFRv/WYd+ATtUpe9Y09RnJvgvdag7he0OWgEZWhviS1OTOKixw==}
    engines: {node: '>=18'}
    cpu: [mips64el]
    os: [linux]

  '@esbuild/linux-ppc64@0.27.2':
    resolution: {integrity: sha512-C92gnpey7tUQONqg1n6dKVbx3vphKtTHJaNG2Ok9lGwbZil6DrfyecMsp9CrmXGQJmZ7iiVXvvZH6Ml5hL6XdQ==}
    engines: {node: '>=18'}
    cpu: [ppc64]
    os: [linux]

  '@esbuild/linux-riscv64@0.27.2':
    resolution: {integrity: sha512-B5BOmojNtUyN8AXlK0QJyvjEZkWwy/FKvakkTDCziX95AowLZKR6aCDhG7LeF7uMCXEJqwa8Bejz5LTPYm8AvA==}
    engines: {node: '>=18'}
    cpu: [riscv64]
    os: [linux]

  '@esbuild/linux-s390x@0.27.2':
    resolution: {integrity: sha512-p4bm9+wsPwup5Z8f4EpfN63qNagQ47Ua2znaqGH6bqLlmJ4bx97Y9JdqxgGZ6Y8xVTixUnEkoKSHcpRlDnNr5w==}
    engines: {node: '>=18'}
    cpu: [s390x]
    os: [linux]

  '@esbuild/linux-x64@0.27.2':
    resolution: {integrity: sha512-uwp2Tip5aPmH+NRUwTcfLb+W32WXjpFejTIOWZFw/v7/KnpCDKG66u4DLcurQpiYTiYwQ9B7KOeMJvLCu/OvbA==}
    engines: {node: '>=18'}
    cpu: [x64]
    os: [linux]

  '@esbuild/netbsd-arm64@0.27.2':
    resolution: {integrity: sha512-Kj6DiBlwXrPsCRDeRvGAUb/LNrBASrfqAIok+xB0LxK8CHqxZ037viF13ugfsIpePH93mX7xfJp97cyDuTZ3cw==}
    engines: {node: '>=18'}
    cpu: [arm64]
    os: [netbsd]

  '@esbuild/netbsd-x64@0.27.2':
    resolution: {integrity: sha512-HwGDZ0VLVBY3Y+Nw0JexZy9o/nUAWq9MlV7cahpaXKW6TOzfVno3y3/M8Ga8u8Yr7GldLOov27xiCnqRZf0tCA==}
    engines: {node: '>=18'}
    cpu: [x64]
    os: [netbsd]

  '@esbuild/openbsd-arm64@0.27.2':
    resolution: {integrity: sha512-DNIHH2BPQ5551A7oSHD0CKbwIA/Ox7+78/AWkbS5QoRzaqlev2uFayfSxq68EkonB+IKjiuxBFoV8ESJy8bOHA==}
    engines: {node: '>=18'}
    cpu: [arm64]
    os: [openbsd]

  '@esbuild/openbsd-x64@0.27.2':
    resolution: {integrity: sha512-/it7w9Nb7+0KFIzjalNJVR5bOzA9Vay+yIPLVHfIQYG/j+j9VTH84aNB8ExGKPU4AzfaEvN9/V4HV+F+vo8OEg==}
    engines: {node: '>=18'}
    cpu: [x64]
    os: [openbsd]

  '@esbuild/openharmony-arm64@0.27.2':
    resolution: {integrity: sha512-LRBbCmiU51IXfeXk59csuX/aSaToeG7w48nMwA6049Y4J4+VbWALAuXcs+qcD04rHDuSCSRKdmY63sruDS5qag==}
    engines: {node: '>=18'}
    cpu: [arm64]
    os: [openharmony]

  '@esbuild/sunos-x64@0.27.2':
    resolution: {integrity: sha512-kMtx1yqJHTmqaqHPAzKCAkDaKsffmXkPHThSfRwZGyuqyIeBvf08KSsYXl+abf5HDAPMJIPnbBfXvP2ZC2TfHg==}
    engines: {node: '>=18'}
    cpu: [x64]
    os: [sunos]

  '@esbuild/win32-arm64@0.27.2':
    resolution: {integrity: sha512-Yaf78O/B3Kkh+nKABUF++bvJv5Ijoy9AN1ww904rOXZFLWVc5OLOfL56W+C8F9xn5JQZa3UX6m+IktJnIb1Jjg==}
    engines: {node: '>=18'}
    cpu: [arm64]
    os: [win32]

  '@esbuild/win32-ia32@0.27.2':
    resolution: {integrity: sha512-Iuws0kxo4yusk7sw70Xa2E2imZU5HoixzxfGCdxwBdhiDgt9vX9VUCBhqcwY7/uh//78A1hMkkROMJq9l27oLQ==}
    engines: {node: '>=18'}
    cpu: [ia32]
    os: [win32]

  '@esbuild/win32-x64@0.27.2':
    resolution: {integrity: sha512-sRdU18mcKf7F+YgheI/zGf5alZatMUTKj/jNS6l744f9u3WFu4v7twcUI9vu4mknF4Y9aDlblIie0IM+5xxaqQ==}
    engines: {node: '>=18'}
    cpu: [x64]
    os: [win32]

  '@pirxpilot/connect@5.0.0':
    resolution: {integrity: sha512-usjYGr5xcJvjdAwSFE+AGBiaPFcrb4pMVVFTOLVAjkkjSxew8by0r14mfq7gwA0G6MlkIfRYoakwrZIXIv/ikw==}

  '@pirxpilot/cookie-parser@3.0.0':
    resolution: {integrity: sha512-V3Vdc3Xpb630P9ehNAgAamDn2D9N2pMH7TgsYwuU0emJ+5iJbND7Td3mz3akAX2MVCCWK4trr6hizM3dMXwZ5Q==}
    engines: {node: '>= 20'}

  '@pirxpilot/events@3.0.0':
    resolution: {integrity: sha512-xzlRslStMKhWO+AAkL3XU1Sm/9YCtaxgUdbeICaCMVnHeGJElbr7oODvF6TJyWw05K5paH8tfx/gzTY2+yNTCw==}

  '@pirxpilot/jade-core@1.12.2':
    resolution: {integrity: sha512-S6p4vHEANx+Pr712GDFBabpvwWFfCaz2Qq2R260BJ/9o0Q4+NhmfjWVDtXZUQIxDyUIPHQgBeHNH4Z66bcjYDw==}

  '@pirxpilot/k@1.0.1':
    resolution: {integrity: sha512-ArLSBo2EcPFiprpPnYVVbRa7kkJAgxva+9u6swwpIXu6aDAytfgiYapHI5LutOvL2xto3q56MuUMKrUKcgtPTA==}

  '@pirxpilot/on-headers@2.0.0':
    resolution: {integrity: sha512-VyGrSxK5QmH60aGvk1ieb0MZEn3dFyY42lxnMkxPYzc+727FM9efg+tcIT0qblZKBfkmb8W+UKNuxoNV2jQeDQ==}
    engines: {node: '>= 20.0.0'}

  '@pirxpilot/router@2.0.0':
    resolution: {integrity: sha512-1lplDim8DZXj8R4zSW+3/DQ3FDbaNTa1uejS7ZL+/VEIBlsoxtdY+qQ9ch3gory6QCmVUqncEh3rh8QV59XNgQ==}
    engines: {node: '>= 23.8.0'}

  '@pirxpilot/stylus@1.2.0':
    resolution: {integrity: sha512-j/HR4WOlC/UMltqIkpF1XA4PbFyUtzcv/vArDfRjeanBUtDMPSnDeekIObDloO+6mxDHIjoS4Fli05AFmUMU8Q==}
    engines: {node: '>=22'}
    hasBin: true

  '@pirxpilot/swipe@3.0.0':
    resolution: {integrity: sha512-0HqjRTRICdOpQsYQxlEut8oSS9yV2Jg6iEItIwzf+8nyooPZPQjwN2vJnDDqf/zPYk+cTQvGILnwTVQmAwhF1w==}

  accepts@1.3.8:
    resolution: {integrity: sha512-PYAthTa2m2VKxuvSD3DPC/Gy+U+sOA1LAuT8mkmRuvw+NACSaeXEQ+NHcVF7rONl6qcaxV3Uuemwawk+7+SJLw==}
    engines: {node: '>= 0.6'}

  asap@2.0.6:
    resolution: {integrity: sha512-BSHWgDSAiKs50o2Re8ppvp3seVHXSRM44cdSsT9FfNEUUZLOGWVCsiWaRPWM1Znn+mqZ1OfVZ3z3DWEzSp7hRA==}

  assert-never@1.4.0:
    resolution: {integrity: sha512-5oJg84os6NMQNl27T9LnZkvvqzvAnHu03ShCnoj6bsJwS7L8AO4lf+C/XjK/nvzEqQB744moC6V128RucQd1jA==}

  async@2.6.4:
    resolution: {integrity: sha512-mzo5dfJYwAn29PeiJ0zvwTo04zj8HDJj0Mn8TD7sno7q12prdbnasKJHhkm2c1LgrhlJ0teaea8860oxi51mGA==}

  async@3.2.3:
    resolution: {integrity: sha512-spZRyzKL5l5BZQrr/6m/SqFdBN0q3OCI0f9rjfBzCMBIP4p75P620rR3gTmaksNOhmzgdxcaxdNfMy6anrbM0g==}

  babel-walk@3.0.0-canary-5:
    resolution: {integrity: sha512-GAwkz0AihzY5bkwIY5QDR+LvsRQgB/B+1foMPvi0FZPMl5fjD7ICiznUiBdLYMH1QYe6vqu4gWYytZOccLouFw==}
    engines: {node: '>= 10.0.0'}

  basic-auth@2.0.1:
    resolution: {integrity: sha512-NF+epuEdnUYVlGuhaxbbq+dvJttwLnGY+YixlXlME5KpQ5W3CnXA5cVTneY3SPbPDRkcjMbifrwmFYcClgOZeg==}
    engines: {node: '>= 0.8'}

  boolbase@1.0.0:
    resolution: {integrity: sha512-JZOSA7Mo9sNGB8+UjSgzdLtokWAky1zbztM3WRLCbZ70/3cTANmQmOdR7y2g+J0e2WXywy1yS468tY+IruqEww==}

  character-parser@1.2.2:
    resolution: {integrity: sha512-LnSfFgPsK7vhyh9zx5zZj6ygRow7Yr4pd2gpa6W7m5PwzgcClAlP0gIueETtKsGFQ3Onm9fBntaRMSG5sDAI9A==}

  colors@1.0.3:
    resolution: {integrity: sha512-pFGrxThWcWQ2MsAz6RtgeWe4NK2kUE1WfsrvvlctdII745EW9I0yflqhe7++M5LEc7bV2c/9/5zc8sFcpL0Drw==}
    engines: {node: '>=0.1.90'}

  commander@14.0.3:
    resolution: {integrity: sha512-H+y0Jo/T1RZ9qPP4Eh1pkcQcLRglraJaSLoyOtHxu6AapkjWVCy2Sit1QQ4x3Dng8qDlSsZEet7g5Pq06MvTgw==}
    engines: {node: '>=20'}

  component-emitter@2.0.0:
    resolution: {integrity: sha512-4m5s3Me2xxlVKG9PkZpQqHQR7bgpnN7joDMJ4yvVkVXngjoITG76IaZmzmywSeRTeTpc6N6r3H3+KyUurV8OYw==}
    engines: {node: '>=18'}

  component-os@0.0.1:
    resolution: {integrity: sha512-ZoGIVg1w3XGMnVM+ssMAUPvDofaI9rpXDSEAFlLICBkHg9SSv9CmB5EwvnwD18QcWNFjam5ccP+MRurFe0VZfw==}

  connect-cachify-static@5.0.1:
    resolution: {integrity: sha512-l0vN4EaEPbyKriV1bAobtazdE1vzfocIdEvdHWkQq2OHwP0jU3lisWuOu/nzoJ6fb0cGMI10hJuNwptoROKoTw==}
    engines: {node: '>= 20.1.0'}
    hasBin: true

  connect-gzip-static@5.0.0:
    resolution: {integrity: sha512-VftGp5BPfzxv0GEJS+/nABgbY6OxewAfRfyb7fRilO44DA1jPSHArWTcQV/olLYUu3pDV01Z1DgoPLYYc4ThhA==}
    engines: {node: '>= 22'}

  connect-renderer@2.0.0:
    resolution: {integrity: sha512-VkOEFY8LEX5ozKT1rzC6Cf2oBZX2iy0w6YkiOGcz+f+lAN0i/50mT0RD+jh+N+9eVq+6JIQHsLwoCXHDTrhavw==}

  constantinople@4.0.1:
    resolution: {integrity: sha512-vCrqcSIq4//Gx74TXXCGnHpulY1dskqLTFGDmhrGxzeXL8lF8kvXv6mpNWlJj1uD4DW23D4ljAqbY4RRaaUZIw==}

  cookie-signature@1.2.2:
    resolution: {integrity: sha512-D76uU73ulSXrD1UXF4KE2TMxVVwhsnCgfAyTg9k8P6KGZjlXKrOLe4dJQKI3Bxi5wjesZoFXJWElNWBjPZMbhg==}
    engines: {node: '>=6.6.0'}

  cookie@1.1.1:
    resolution: {integrity: sha512-ei8Aos7ja0weRpFzJnEA9UHJ/7XQmqglbRwnf2ATjcB9Wq874VKH9kfjjirM6UhU2/E5fFYadylyhFldcqSidQ==}
    engines: {node: '>=18'}

  css-select@6.0.0:
    resolution: {integrity: sha512-rZZVSLle8v0+EY8QAkDWrKhpgt6SA5OtHsgBnsj6ZaLb5dmDVOWUDtQitd9ydxxvEjhewNudS6eTVU7uOyzvXw==}

  css-what@7.0.0:
    resolution: {integrity: sha512-wD5oz5xibMOPHzy13CyGmogB3phdvcDaB5t0W/Nr5Z2O/agcB8YwOz6e2Lsp10pNDzBoDO9nVa3RGs/2BttpHQ==}
    engines: {node: '>= 6'}

  cycle@1.0.3:
    resolution: {integrity: sha512-TVF6svNzeQCOpjCqsy0/CSy8VgObG3wXusJ73xW2GbG5rGx7lC8zxDSURicsXI2UsGdi2L0QNRCi745/wUDvsA==}
    engines: {node: '>=0.4.0'}

  debounce@3.0.0:
    resolution: {integrity: sha512-64byRbF0/AirwbuHqB3/ZpMG9/nckDa6ZA0yd6UnaQNwbbemCOwvz2sL5sjXLHhZHADyiwLm0M5qMhltUUx+TA==}
    engines: {node: '>=20'}

  debug@4.4.3:
    resolution: {integrity: sha512-RGwwWnwQvkVfavKVt22FGLw+xYSdzARwm0ru6DhTVA3umU5hZc28V3kO4stgYryrTlLpuvgI9GiijltAjNbcqA==}
    engines: {node: '>=6.0'}
    peerDependencies:
      supports-color: '*'
    peerDependenciesMeta:
      supports-color:
        optional: true

  depd@2.0.0:
    resolution: {integrity: sha512-g7nH6P6dyDioJogAAGprGpCtVImJhpPk/roCzdb3fIh61/s/nPsfR6onyMwkCAR/OlC3yBC0lESvUoQEAssIrw==}
    engines: {node: '>= 0.8'}

  dom-serializer@2.0.0:
    resolution: {integrity: sha512-wIkAryiqt/nV5EQKqQpo3SToSOV9J0DnbJqwK7Wv/Trc92zIAYZ4FlMu+JPFW1DfGFt81ZTCGgDEabffXeLyJg==}

  domelementtype@2.3.0:
    resolution: {integrity: sha512-OLETBj6w0OsagBwdXnPdN0cnMfF9opN69co+7ZrbfPGrdpPVNBUj02spi6B1N7wChLQiPn4CSH/zJvXw56gmHw==}

  domhandler@5.0.3:
    resolution: {integrity: sha512-cgwlv/1iFQiFnU96XXgROh8xTeetsnJiDsTc7TYCLFd9+/WNkIqPTxiM/8pSd8VIrhXGTf1Ny1q1hquVqDJB5w==}
    engines: {node: '>= 4'}

  domutils@3.2.2:
    resolution: {integrity: sha512-6kZKyUajlDuqlHKVX1w7gyslj9MPIXzIFiz/rGu35uC1wMi+kMhQwGhl4lt9unC9Vb9INnY9Z3/ZA3+FhASLaw==}

  dynload@1.0.2:
    resolution: {integrity: sha512-mz5VEhXWmjpprjjOuh64Hc6X/JlQI850b+aYrpZFMpOEDpBUN5YLp9iDRY0wR1TjRE8wajeWeCb78g6/v/GRqA==}

  ee-first@1.1.1:
    resolution: {integrity: sha512-WMwm9LhRUo+WUaRN+vRuETqG89IgZphVSNkdFgeb6sS/E4OrDIN7t48CAewSHXc6C8lefD8KKfr5vY61brQlow==}

  el-component@2.0.2:
    resolution: {integrity: sha512-Rmvqd9V+QkYf7T/VyptyCNHZ9mCbdQ2CaSkxZAN15+xzQfZ3RX93CKMsLW+9JbUwgqV8mohw+U8k0eYb8ancNg==}

  encodeurl@2.0.0:
    resolution: {integrity: sha512-Q0n9HRi4m6JuGIV1eFlmvJB7ZEVxu93IrMyiMsGC0lrMJMWzRgx6WGquyfQgZVb31vhGgXnfmPNNXmxnOkRBrg==}
    engines: {node: '>= 0.8'}

  entities@4.5.0:
    resolution: {integrity: sha512-V0hjH4dGPh9Ao5p0MoRY6BVqtwCjhz6vI5LT8AJ55H+4g9/4vbHx1I54fS0XuclLhDHArPQCiMjDxjaL8fPxhw==}
    engines: {node: '>=0.12'}

  entities@7.0.1:
    resolution: {integrity: sha512-TWrgLOFUQTH994YUyl1yT4uyavY5nNB5muff+RtWaqNVCAK408b5ZnnbNAUEWLTCpum9w6arT70i1XdQ4UeOPA==}
    engines: {node: '>=0.12'}

  errorhandler@1.5.2:
    resolution: {integrity: sha512-kNAL7hESndBCrWwS72QyV3IVOTrVmj9D062FV5BQswNL5zEdeRmz/WJFyh6Aj/plvvSOrzddkxW57HgkZcR9Fw==}
    engines: {node: '>= 0.8'}

  esbuild@0.27.2:
    resolution: {integrity: sha512-HyNQImnsOC7X9PMNaCIeAm4ISCQXs5a5YasTXVliKv4uuBo1dKrG0A+uQS8M5eXjVMnLg3WgXaKvprHlFJQffw==}
    engines: {node: '>=18'}
    hasBin: true

  escape-html@1.0.3:
    resolution: {integrity: sha512-NiSupZ4OeuGwr68lGIeym/ksIZMJodUGOSCZ/FSnTxcrekbvqrgdUxlJOMpijaKZVjAJrWrGs/6Jy8OMuyj9ow==}

  escape-regexp-component@1.0.2:
    resolution: {integrity: sha512-B0yxafj1D1ZTNEHkFoQxz4iboZSfaZHhaNhIug7GcUCL4ZUrVSJZTmWUAkPOFaYDfi3RNT9XM082TuGE6jpmiQ==}

  etag@1.8.1:
    resolution: {integrity: sha512-aIL5Fx7mawVa300al2BnEE4iNvo1qETxLrPI/o05L7z6go7fCw1J6EQmbK4FmJ2AS7kgVF/KEZWufBfdClMcPg==}
    engines: {node: '>= 0.6'}

  eyes@0.1.8:
    resolution: {integrity: sha512-GipyPsXO1anza0AOZdy69Im7hGFCNB7Y/NGjDlZGJ3GJJLtwNSb2vrzYrTYJRrRloVx7pl+bhUaTB8yiccPvFQ==}
    engines: {node: '> 0.1.90'}

  fresh@2.0.0:
    resolution: {integrity: sha512-Rx/WycZ60HOaqLKAi6cHRKKI7zxWbJ31MhntmtwMoaTeF7XFH9hhBp8vITaMidfljRQ6eYWCKkaTK+ykVJHP2A==}
    engines: {node: '>= 0.8'}

  htmlparser2@10.1.0:
    resolution: {integrity: sha512-VTZkM9GWRAtEpveh7MSF6SjjrpNVNNVJfFup7xTY3UpFtm67foy9HDVXneLtFVt4pMz5kZtgNcvCniNFb1hlEQ==}

  http-errors@2.0.1:
    resolution: {integrity: sha512-4FbRdAX+bSdmo4AUFuS0WNiPz8NgFt+r8ThgNWmlrjQjt1Q7ZR9+zTlce2859x4KSXrwIsaeTqDoKQmtP8pLmQ==}
    engines: {node: '>= 0.8'}

  inherits@2.0.4:
    resolution: {integrity: sha512-k/vGaX4/Yla3WzyMCvTQOXYeIHvqOKtnqBduzTHpzpQZzAskKMhZ2K+EnBiSM9zGSoIFeMpXKxa4dYeZIQqewQ==}

  is-promise@2.2.2:
    resolution: {integrity: sha512-+lP4/6lKUBfQjZ2pdxThZvLUAafmZb8OAxFb8XXtiQmS35INgr85hdOGoEs124ez1FCnZJt6jau/T+alh58QFQ==}

  isstream@0.1.2:
    resolution: {integrity: sha512-Yljz7ffyPbrLpLngrMtZ7NduUgVvi6wG9RJ9IUcyCd59YQ911PBJphODUcbOVbqYfxe1wuYf/LJ8PauMRwsM/g==}

  js-cookie@3.0.5:
    resolution: {integrity: sha512-cEiJEAEoIbWfCZYKWhVwFuvPX1gETRYPw6LlaTKoxD3s2AkXzkCjnp6h0V77ozyqj0jakteJ4YqDJT830+lVGw==}
    engines: {node: '>=14'}

  jstransformer@1.0.0:
    resolution: {integrity: sha512-C9YK3Rf8q6VAPDCCU9fnqo3mAfOH6vUGnMcP4AQAYIEpWtfGLpwOTmZ+igtdK5y+VvI2n3CyYSzy4Qh34eq24A==}

  limiter@3.0.0:
    resolution: {integrity: sha512-hev7DuXojsTFl2YwyzUJMDnZ/qBDd3yZQLSH3aD4tdL1cqfc3TMnoecEJtWFaQFdErZsKoFMBTxF/FBSkgDbEg==}

  lodash@4.17.23:
    resolution: {integrity: sha512-LgVTMpQtIopCi79SJeDiP0TfWi5CNEc/L/aRdTh3yIvmZXTnheWpKjSZhnvMl8iXbC1tFg9gdHHDMLoV7CnG+w==}

  mime-db@1.52.0:
    resolution: {integrity: sha512-sPU4uV7dYlvtWJxwwxHD0PuihVNiE7TyAbQ5SWxDCB9mUYvOgroQOwYQQOKPJ8CIbE+1ETVlOoK1UC2nU3gYvg==}
    engines: {node: '>= 0.6'}

  mime-db@1.54.0:
    resolution: {integrity: sha512-aU5EJuIN2WDemCcAp2vFBfp/m4EAhWJnUNSSw0ixs7/kXbd6Pg64EmwJkNdFhB8aWt1sH2CTXrLxo/iAGV3oPQ==}
    engines: {node: '>= 0.6'}

  mime-types@2.1.35:
    resolution: {integrity: sha512-ZDY+bPm5zTTF+YpCrAU9nK0UgICYPT0QtT1NZWFv4s++TNkcgVaT0g6+4R2uI4MjQjzysHB1zxuWL50hzaeXiw==}
    engines: {node: '>= 0.6'}

  mime-types@3.0.2:
    resolution: {integrity: sha512-Lbgzdk0h4juoQ9fCKXW4by0UJqj+nOOrI9MJ1sSj4nI8aI2eo1qmvQEie4VD1glsS250n15LsWsYtCugiStS5A==}
    engines: {node: '>=18'}

  morgan@1.10.1:
    resolution: {integrity: sha512-223dMRJtI/l25dJKWpgij2cMtywuG/WiUKXdvwfbhGKBhy1puASqXwFzmWZ7+K73vUPoR7SS2Qz2cI/g9MKw0A==}
    engines: {node: '>= 0.8.0'}

  ms@2.1.3:
    resolution: {integrity: sha512-6FlzubTLZG3J2a/NVCAleEhjzq5oxgHyaCU9yYXvcLsvoVaHJq/s5xXI6/XXP6tz7R9xAOtHnSO/tXtF3WRTlA==}

  mute-stream@0.0.8:
    resolution: {integrity: sha512-nnbWWOkoWyUsTjKrhgD0dcz22mdkSnpYqbEjIm2nhwhuxlSkpywJmBo8h0ZqJdkp73mb90SssHkN4rsRaBAfAA==}

  nanoid@3.3.11:
    resolution: {integrity: sha512-N8SpfPUnUp1bK+PMYW8qSWdl9U+wwNWI4QKxOYDy9JAro3WMX7p2OeVRF9v+347pnakNevPmiHhNmZ2HbFA76w==}
    engines: {node: ^10 || ^12 || ^13.7 || ^14 || >=15.0.1}
    hasBin: true

  negotiator@0.6.3:
    resolution: {integrity: sha512-+EUsqGPLsM+j/zdChZjsnX51g4XrHFOIXwfnCVPGlQk/k5giakcKsuxCObBRu6DSm9opw/O6slWbJdghQM4bBg==}
    engines: {node: '>= 0.6'}

  nth-check@2.1.1:
    resolution: {integrity: sha512-lqjrjmaOoAnWfMmBPL+XNnynZh2+swxiX3WUE0s4yEHI6m+AwrK2UZOimIRl3X/4QctVqS8AiZjFqyOGrMXb/w==}

  on-finished@2.3.0:
    resolution: {integrity: sha512-ikqdkGAAyf/X/gPhXGvfgAytDZtDbr+bkNUJ0N9h5MI/dmdgCs3l6hoHrcUv41sRKew3jIwrp4qQDXiK99Utww==}
    engines: {node: '>= 0.8'}

  on-finished@2.4.1:
    resolution: {integrity: sha512-oVlzkg3ENAhCk2zdv7IJwd/QUD4z2RxRwpkcGY8psCVcCYZNq4wYnVWALHM+brtuJjePWiYF/ClmuDr8Ch5+kg==}
    engines: {node: '>= 0.8'}

  parseurl@1.3.3:
    resolution: {integrity: sha512-CiyeOxFT/JZyN5m0z9PfXw4SCBJ6Sygz1Dpl0wqjlhDEGGBP1GnsUVEL0p63hoG1fcj3fHynXi9NYO4nWOL+qQ==}
    engines: {node: '>= 0.8'}

  picocolors@1.1.1:
    resolution: {integrity: sha512-xceH2snhtb5M9liqDsmEw56le376mTZkEX/jEb/RxNFyegNul7eNslCXP9FDj/Lcu0X8KEyMceP2ntpaHrDEVA==}

  postcss-cachify@5.0.1:
    resolution: {integrity: sha512-IV5EjenM+RWGDiZ4apFX0hCYSylqwrVBc4mIqLizRbdDauEJeyOzoTzjZDoOQbJZZjpQYzc8OVBrtXali9wgeQ==}
    peerDependencies:
      postcss: ~8

  postcss-cli-simple@4.0.5:
    resolution: {integrity: sha512-zpjMAB97nl8947XwGVTf9aYHru40Pk8MkAzIijyLVv1fcrQnnbiL6mHruFWsMiIho08OmsemXLm+r99aU+Y/ng==}
    hasBin: true
    peerDependencies:
      postcss: ~5 || ~6 || ~7 || ~8

  postcss@8.5.6:
    resolution: {integrity: sha512-3Ybi1tAuwAP9s0r1UQ2J4n5Y0G05bJkpUIO0/bI9MhwmD70S5aTWbXGBwxHrelT+XM1k6dM0pk+SwNkpTRN7Pg==}
    engines: {node: ^10 || ^12 || >=14}

  promise@7.3.1:
    resolution: {integrity: sha512-nolQXZ/4L+bP/UGlkfaIujX9BKxGwmQ9OT4mOt5yvy8iK1h3wqTEJCijzGANTCCl9nWjY41juyAn2K3Q1hLLTg==}

  prompt@1.3.0:
    resolution: {integrity: sha512-ZkaRWtaLBZl7KKAKndKYUL8WqNT+cQHKRZnT4RYYms48jQkFw3rrBL+/N5K/KtdEveHkxs982MX2BkDKub2ZMg==}
    engines: {node: '>= 6.0.0'}

  range-parser@1.2.1:
    resolution: {integrity: sha512-Hrgsx+orqoygnmhFbKaHE6c296J+HTAQXoxEF6gNupROmmGJRoyzfG3ccAveqCBrwr/2yxQ5BVd/GTl5agOwSg==}
    engines: {node: '>= 0.6'}

  read@1.0.7:
    resolution: {integrity: sha512-rSOKNYUmaxy0om1BNjMN4ezNT6VKK+2xF4GBhc81mkH7L60i6dp8qPYrkndNLT3QPphoII3maL9PVC9XmhHwVQ==}
    engines: {node: '>=0.8'}

  revalidator@0.1.8:
    resolution: {integrity: sha512-xcBILK2pA9oh4SiinPEZfhP8HfrB/ha+a2fTMyl7Om2WjlDVrOQy99N2MXXlUHqGJz4qEu2duXxHJjDWuK/0xg==}
    engines: {node: '>= 0.4.0'}

  ro-rating@2.0.0:
    resolution: {integrity: sha512-nY3u1O9nqOgcJ7He6WDK7hsVWP+51O4BfeUdaN7nrvbo5/DcEXJVIF5akdms3Ha8bD9hS+dD5nbbzwWlEsBYeQ==}

  safe-buffer@5.1.2:
    resolution: {integrity: sha512-Gd2UZBJDkXlY7GbJxfsE8/nvKkUEU1G38c1siN6QP6a9PT9MmHB8GnpscSmMJSoF8LOIrt8ud/wPtojys4G6+g==}

  sax@1.4.4:
    resolution: {integrity: sha512-1n3r/tGXO6b6VXMdFT54SHzT9ytu9yr7TaELowdYpMqY/Ao7EnlQGmAQ1+RatX7Tkkdm6hONI2owqNx2aZj5Sw==}
    engines: {node: '>=11.0.0'}

  send@1.2.1:
    resolution: {integrity: sha512-1gnZf7DFcoIcajTjTwjwuDjzuz4PPcY2StKPlsGAQ1+YH20IRVrBaXSWmdjowTJ6u8Rc01PoYOGHXfP1mYcZNQ==}
    engines: {node: '>= 18'}

  serve-static@2.2.1:
    resolution: {integrity: sha512-xRXBn0pPqQTVQiC8wyQrKs2MOlX24zQ0POGaj0kultvoOCstBQM5yvOhAVSUwOMjQtTvsPWoNCHfPGwaaQJhTw==}
    engines: {node: '>= 18'}

  setprototypeof@1.2.0:
    resolution: {integrity: sha512-E5LDX7Wrp85Kil5bhZv46j8jOeboKq5JMmYM3gVGdGH8xFpPWXUMsNrlODCrkoxMEeNi/XZIwuRvY4XNwYMJpw==}

  source-map-js@1.2.1:
    resolution: {integrity: sha512-UXWMKhLOwVKb728IUtQPXxfYU+usdybtUrK/8uGE8CQMvrhOpwvzDBwj0QhSL7MQc7vIsISBG8VQ8+IDQxpfQA==}
    engines: {node: '>=0.10.0'}

  source-map@0.7.6:
    resolution: {integrity: sha512-i5uvt8C3ikiWeNZSVZNWcfZPItFQOsYTUAOkcUPGd8DqDy1uOUikjt5dG+uRlwyvR108Fb9DOd4GvXfT0N2/uQ==}
    engines: {node: '>= 12'}

  stack-trace@0.0.10:
    resolution: {integrity: sha512-KGzahc7puUKkzyMt+IqAep+TVNbKP+k2Lmwhub39m1AsTSkaDutx56aDCo+HLDzf/D26BIHTJWNiTG1KAJiQCg==}

  statuses@2.0.2:
    resolution: {integrity: sha512-DvEy55V3DB7uknRo+4iOGT5fP1slR8wQohVdknigZPMpMstaKJQWhwiYBACJE3Ul2pTnATihhBYnRhZQHGBiRw==}
    engines: {node: '>= 0.8'}

  tiny-pager@2.0.0:
    resolution: {integrity: sha512-pP1AFL1GdV5H+6oUQS4mGvYdgxHpZKug2Fi2JQCDYDCzkdhULnC8NphiVUls6coZGS1TA+UBNmPpiKBzGB4gtg==}

  title-case-minors@1.0.0:
    resolution: {integrity: sha512-GFT+1ZjqJgq5AywOXjl9VelGgqMpOtfwdxYaYy3eUE1gbyxneeSnADLoov7TxXelqftIhlblsnHVqw5hNFUbGQ==}

  to-capital-case@1.0.0:
    resolution: {integrity: sha512-mfERGNFweI+x+OctN7rlbZQqDC68BjXEt9gOrf8qy26IyqQyUTqfdKQBN3XhqN0fP9Pl4zaoXKGeWv+wSPXIyQ==}

  to-no-case@1.0.2:
    resolution: {integrity: sha512-Z3g735FxuZY8rodxV4gH7LxClE4H0hTIyHNIHdk+vpQxjLm0cwnKXq/OFVZ76SOQmto7txVcwSCwkU5kqp+FKg==}

  to-sentence-case@1.0.0:
    resolution: {integrity: sha512-egaI3iiTSS5FpN8ZiN08Kqx8EQDTK4yqnp5m2WqR5qGSMLi605gYn887drlyZFn+lLMQAOC7tABafk/oQIoqGQ==}

  to-space-case@1.0.0:
    resolution: {integrity: sha512-rLdvwXZ39VOn1IxGL3V6ZstoTbwLRckQmn/U8ZDLuWwIXNpuZDhQ3AiRUlhTbOXFVE9C+dR51wM0CBDhk31VcA==}

  to-title-case@1.0.0:
    resolution: {integrity: sha512-zy39Lh3pLnDIvS7PEoPNIo7Jbm7IK4NCruhQDEsHmVmvqn4v+WlwgQZtHESbYxnwhU0YCdTJJ4IQshR2XWYVFw==}

  toidentifier@1.0.1:
    resolution: {integrity: sha512-o5sSPKEkg/DIQNmH43V0/uerLrpzVedkUh8tGNvaeXpfpuwjKenlSox/2O/BTlZUtEe+JG7s5YhEz608PlAHRA==}
    engines: {node: '>=0.6'}

  undici@7.20.0:
    resolution: {integrity: sha512-MJZrkjyd7DeC+uPZh+5/YaMDxFiiEEaDgbUSVMXayofAkDWF1088CDo+2RPg7B1BuS1qf1vgNE7xqwPxE0DuSQ==}
    engines: {node: '>=20.18.1'}

  void-elements@3.1.0:
    resolution: {integrity: sha512-Dhxzh5HZuiHQhbvTW9AMetFfBHDMYpo23Uo9btPXgdYP+3T5S+p+jgNy7spra+veYhBP2dCSgxR/i2Y02h5/6w==}
    engines: {node: '>=0.10.0'}

  winston@2.4.7:
    resolution: {integrity: sha512-vLB4BqzCKDnnZH9PHGoS2ycawueX4HLqENXQitvFHczhgW2vFpSOn31LZtVr1KU8YTw7DS4tM+cqyovxo8taVg==}
    engines: {node: '>= 0.10.0'}

  with@7.0.2:
    resolution: {integrity: sha512-RNGKj82nUPg3g5ygxkQl0R937xLyho1J24ItRCBTr/m1YnZkzJy1hUiHUJrc/VlsDQzsCnInEGSg3bci0Lmd4w==}
    engines: {node: '>= 10.0.0'}

  yargs-parser@22.0.0:
    resolution: {integrity: sha512-rwu/ClNdSMpkSrUb+d6BRsSkLUq1fmfsY6TOpYzTwvwkg1/NRG85KBy3kq++A8LKQwX6lsu+aWad+2khvuXrqw==}
    engines: {node: ^20.19.0 || ^22.12.0 || >=23}

  yields-k-sequence@0.1.0:
    resolution: {integrity: sha512-RloTyZsmFaim7lcHeGpBhUwne/tkgmM9YZ3Hd/WpmS0LjLDnpmQWlKxv4WLfWT4VIaCK6WJz8xV0NFH6TyutAg==}

  yields-keycode@1.1.0:
    resolution: {integrity: sha512-5xkHkiEa8TRGlcDzOvVXrVhhLbla9WDFmHsN2tyTtFwxwCo7cpJdvOczvaUjSQKay3VuW5sV4jMtiesTKbZYXw==}

snapshots:

  '@babel/helper-string-parser@7.27.1': {}

  '@babel/helper-validator-identifier@7.28.5': {}

  '@babel/parser@7.29.0':
    dependencies:
      '@babel/types': 7.29.0

  '@babel/types@7.29.0':
    dependencies:
      '@babel/helper-string-parser': 7.27.1
      '@babel/helper-validator-identifier': 7.28.5

  '@biomejs/biome@2.3.14':
    optionalDependencies:
      '@biomejs/cli-darwin-arm64': 2.3.14
      '@biomejs/cli-darwin-x64': 2.3.14
      '@biomejs/cli-linux-arm64': 2.3.14
      '@biomejs/cli-linux-arm64-musl': 2.3.14
      '@biomejs/cli-linux-x64': 2.3.14
      '@biomejs/cli-linux-x64-musl': 2.3.14
      '@biomejs/cli-win32-arm64': 2.3.14
      '@biomejs/cli-win32-x64': 2.3.14

  '@biomejs/cli-darwin-arm64@2.3.14':
    optional: true

  '@biomejs/cli-darwin-x64@2.3.14':
    optional: true

  '@biomejs/cli-linux-arm64-musl@2.3.14':
    optional: true

  '@biomejs/cli-linux-arm64@2.3.14':
    optional: true

  '@biomejs/cli-linux-x64-musl@2.3.14':
    optional: true

  '@biomejs/cli-linux-x64@2.3.14':
    optional: true

  '@biomejs/cli-win32-arm64@2.3.14':
    optional: true

  '@biomejs/cli-win32-x64@2.3.14':
    optional: true

  '@colors/colors@1.5.0': {}

  '@esbuild/aix-ppc64@0.27.2':
    optional: true

  '@esbuild/android-arm64@0.27.2':
    optional: true

  '@esbuild/android-arm@0.27.2':
    optional: true

  '@esbuild/android-x64@0.27.2':
    optional: true

  '@esbuild/darwin-arm64@0.27.2':
    optional: true

  '@esbuild/darwin-x64@0.27.2':
    optional: true

  '@esbuild/freebsd-arm64@0.27.2':
    optional: true

  '@esbuild/freebsd-x64@0.27.2':
    optional: true

  '@esbuild/linux-arm64@0.27.2':
    optional: true

  '@esbuild/linux-arm@0.27.2':
    optional: true

  '@esbuild/linux-ia32@0.27.2':
    optional: true

  '@esbuild/linux-loong64@0.27.2':
    optional: true

  '@esbuild/linux-mips64el@0.27.2':
    optional: true

  '@esbuild/linux-ppc64@0.27.2':
    optional: true

  '@esbuild/linux-riscv64@0.27.2':
    optional: true

  '@esbuild/linux-s390x@0.27.2':
    optional: true

  '@esbuild/linux-x64@0.27.2':
    optional: true

  '@esbuild/netbsd-arm64@0.27.2':
    optional: true

  '@esbuild/netbsd-x64@0.27.2':
    optional: true

  '@esbuild/openbsd-arm64@0.27.2':
    optional: true

  '@esbuild/openbsd-x64@0.27.2':
    optional: true

  '@esbuild/openharmony-arm64@0.27.2':
    optional: true

  '@esbuild/sunos-x64@0.27.2':
    optional: true

  '@esbuild/win32-arm64@0.27.2':
    optional: true

  '@esbuild/win32-ia32@0.27.2':
    optional: true

  '@esbuild/win32-x64@0.27.2':
    optional: true

  '@pirxpilot/connect@5.0.0':
    dependencies:
      debug: 4.4.3
      parseurl: 1.3.3
    transitivePeerDependencies:
      - supports-color

  '@pirxpilot/cookie-parser@3.0.0':
    dependencies:
      cookie: 1.1.1
      cookie-signature: 1.2.2

  '@pirxpilot/events@3.0.0': {}

  '@pirxpilot/jade-core@1.12.2':
    dependencies:
      character-parser: 1.2.2
      constantinople: 4.0.1
      jstransformer: 1.0.0
      void-elements: 3.1.0
      with: 7.0.2

  '@pirxpilot/k@1.0.1':
    dependencies:
      component-os: 0.0.1
      yields-k-sequence: 0.1.0
      yields-keycode: 1.1.0

  '@pirxpilot/on-headers@2.0.0': {}

  '@pirxpilot/router@2.0.0':
    dependencies:
      parseurl: 1.3.3

  '@pirxpilot/stylus@1.2.0':
    dependencies:
      debug: 4.4.3
      sax: 1.4.4
      source-map: 0.7.6
    transitivePeerDependencies:
      - supports-color

  '@pirxpilot/swipe@3.0.0':
    dependencies:
      '@pirxpilot/events': 3.0.0
      component-emitter: 2.0.0

  accepts@1.3.8:
    dependencies:
      mime-types: 2.1.35
      negotiator: 0.6.3

  asap@2.0.6: {}

  assert-never@1.4.0: {}

  async@2.6.4:
    dependencies:
      lodash: 4.17.23

  async@3.2.3: {}

  babel-walk@3.0.0-canary-5:
    dependencies:
      '@babel/types': 7.29.0

  basic-auth@2.0.1:
    dependencies:
      safe-buffer: 5.1.2

  boolbase@1.0.0: {}

  character-parser@1.2.2: {}

  colors@1.0.3: {}

  commander@14.0.3: {}

  component-emitter@2.0.0: {}

  component-os@0.0.1: {}

  connect-cachify-static@5.0.1:
    dependencies:
      debug: 4.4.3
      on-headers: '@pirxpilot/on-headers@2.0.0'
      parseurl: 1.3.3
    transitivePeerDependencies:
      - supports-color

  connect-gzip-static@5.0.0:
    dependencies:
      debug: 4.4.3
      mime-types: 3.0.2
      parseurl: 1.3.3
      send: 1.2.1
      serve-static: 2.2.1
    transitivePeerDependencies:
      - supports-color

  connect-renderer@2.0.0:
    dependencies:
      debug: 4.4.3
    transitivePeerDependencies:
      - supports-color

  constantinople@4.0.1:
    dependencies:
      '@babel/parser': 7.29.0
      '@babel/types': 7.29.0

  cookie-signature@1.2.2: {}

  cookie@1.1.1: {}

  css-select@6.0.0:
    dependencies:
      boolbase: 1.0.0
      css-what: 7.0.0
      domhandler: 5.0.3
      domutils: 3.2.2
      nth-check: 2.1.1

  css-what@7.0.0: {}

  cycle@1.0.3: {}

  debounce@3.0.0: {}

  debug@4.4.3:
    dependencies:
      ms: 2.1.3

  depd@2.0.0: {}

  dom-serializer@2.0.0:
    dependencies:
      domelementtype: 2.3.0
      domhandler: 5.0.3
      entities: 4.5.0

  domelementtype@2.3.0: {}

  domhandler@5.0.3:
    dependencies:
      domelementtype: 2.3.0

  domutils@3.2.2:
    dependencies:
      dom-serializer: 2.0.0
      domelementtype: 2.3.0
      domhandler: 5.0.3

  dynload@1.0.2: {}

  ee-first@1.1.1: {}

  el-component@2.0.2: {}

  encodeurl@2.0.0: {}

  entities@4.5.0: {}

  entities@7.0.1: {}

  errorhandler@1.5.2:
    dependencies:
      accepts: 1.3.8
      escape-html: 1.0.3

  esbuild@0.27.2:
    optionalDependencies:
      '@esbuild/aix-ppc64': 0.27.2
      '@esbuild/android-arm': 0.27.2
      '@esbuild/android-arm64': 0.27.2
      '@esbuild/android-x64': 0.27.2
      '@esbuild/darwin-arm64': 0.27.2
      '@esbuild/darwin-x64': 0.27.2
      '@esbuild/freebsd-arm64': 0.27.2
      '@esbuild/freebsd-x64': 0.27.2
      '@esbuild/linux-arm': 0.27.2
      '@esbuild/linux-arm64': 0.27.2
      '@esbuild/linux-ia32': 0.27.2
      '@esbuild/linux-loong64': 0.27.2
      '@esbuild/linux-mips64el': 0.27.2
      '@esbuild/linux-ppc64': 0.27.2
      '@esbuild/linux-riscv64': 0.27.2
      '@esbuild/linux-s390x': 0.27.2
      '@esbuild/linux-x64': 0.27.2
      '@esbuild/netbsd-arm64': 0.27.2
      '@esbuild/netbsd-x64': 0.27.2
      '@esbuild/openbsd-arm64': 0.27.2
      '@esbuild/openbsd-x64': 0.27.2
      '@esbuild/openharmony-arm64': 0.27.2
      '@esbuild/sunos-x64': 0.27.2
      '@esbuild/win32-arm64': 0.27.2
      '@esbuild/win32-ia32': 0.27.2
      '@esbuild/win32-x64': 0.27.2

  escape-html@1.0.3: {}

  escape-regexp-component@1.0.2: {}

  etag@1.8.1: {}

  eyes@0.1.8: {}

  fresh@2.0.0: {}

  htmlparser2@10.1.0:
    dependencies:
      domelementtype: 2.3.0
      domhandler: 5.0.3
      domutils: 3.2.2
      entities: 7.0.1

  http-errors@2.0.1:
    dependencies:
      depd: 2.0.0
      inherits: 2.0.4
      setprototypeof: 1.2.0
      statuses: 2.0.2
      toidentifier: 1.0.1

  inherits@2.0.4: {}

  is-promise@2.2.2: {}

  isstream@0.1.2: {}

  js-cookie@3.0.5: {}

  jstransformer@1.0.0:
    dependencies:
      is-promise: 2.2.2
      promise: 7.3.1

  limiter@3.0.0: {}

  lodash@4.17.23: {}

  mime-db@1.52.0: {}

  mime-db@1.54.0: {}

  mime-types@2.1.35:
    dependencies:
      mime-db: 1.52.0

  mime-types@3.0.2:
    dependencies:
      mime-db: 1.54.0

  morgan@1.10.1:
    dependencies:
      basic-auth: 2.0.1
      debug: 4.4.3
      depd: 2.0.0
      on-finished: 2.3.0
      on-headers: '@pirxpilot/on-headers@2.0.0'
    transitivePeerDependencies:
      - supports-color

  ms@2.1.3: {}

  mute-stream@0.0.8: {}

  nanoid@3.3.11: {}

  negotiator@0.6.3: {}

  nth-check@2.1.1:
    dependencies:
      boolbase: 1.0.0

  on-finished@2.3.0:
    dependencies:
      ee-first: 1.1.1

  on-finished@2.4.1:
    dependencies:
      ee-first: 1.1.1

  parseurl@1.3.3: {}

  picocolors@1.1.1: {}

  postcss-cachify@5.0.1(postcss@8.5.6):
    dependencies:
      connect-cachify-static: 5.0.1
      debug: 4.4.3
      postcss: 8.5.6
    transitivePeerDependencies:
      - supports-color

  postcss-cli-simple@4.0.5(postcss@8.5.6):
    dependencies:
      postcss: 8.5.6
      yargs-parser: 22.0.0

  postcss@8.5.6:
    dependencies:
      nanoid: 3.3.11
      picocolors: 1.1.1
      source-map-js: 1.2.1

  promise@7.3.1:
    dependencies:
      asap: 2.0.6

  prompt@1.3.0:
    dependencies:
      '@colors/colors': 1.5.0
      async: 3.2.3
      read: 1.0.7
      revalidator: 0.1.8
      winston: 2.4.7

  range-parser@1.2.1: {}

  read@1.0.7:
    dependencies:
      mute-stream: 0.0.8

  revalidator@0.1.8: {}

  ro-rating@2.0.0: {}

  safe-buffer@5.1.2: {}

  sax@1.4.4: {}

  send@1.2.1:
    dependencies:
      debug: 4.4.3
      encodeurl: 2.0.0
      escape-html: 1.0.3
      etag: 1.8.1
      fresh: 2.0.0
      http-errors: 2.0.1
      mime-types: 3.0.2
      ms: 2.1.3
      on-finished: 2.4.1
      range-parser: 1.2.1
      statuses: 2.0.2
    transitivePeerDependencies:
      - supports-color

  serve-static@2.2.1:
    dependencies:
      encodeurl: 2.0.0
      escape-html: 1.0.3
      parseurl: 1.3.3
      send: 1.2.1
    transitivePeerDependencies:
      - supports-color

  setprototypeof@1.2.0: {}

  source-map-js@1.2.1: {}

  source-map@0.7.6: {}

  stack-trace@0.0.10: {}

  statuses@2.0.2: {}

  tiny-pager@2.0.0:
    dependencies:
      component-emitter: 2.0.0
      el-component: 2.0.2

  title-case-minors@1.0.0: {}

  to-capital-case@1.0.0:
    dependencies:
      to-space-case: 1.0.0

  to-no-case@1.0.2: {}

  to-sentence-case@1.0.0:
    dependencies:
      to-no-case: 1.0.2

  to-space-case@1.0.0:
    dependencies:
      to-no-case: 1.0.2

  to-title-case@1.0.0:
    dependencies:
      escape-regexp-component: 1.0.2
      title-case-minors: 1.0.0
      to-capital-case: 1.0.0
      to-sentence-case: 1.0.0

  toidentifier@1.0.1: {}

  undici@7.20.0: {}

  void-elements@3.1.0: {}

  winston@2.4.7:
    dependencies:
      async: 2.6.4
      colors: 1.0.3
      cycle: 1.0.3
      eyes: 0.1.8
      isstream: 0.1.2
      stack-trace: 0.0.10

  with@7.0.2:
    dependencies:
      '@babel/parser': 7.29.0
      '@babel/types': 7.29.0
      assert-never: 1.4.0
      babel-walk: 3.0.0-canary-5

  yargs-parser@22.0.0: {}

  yields-k-sequence@0.1.0:
    dependencies:
      yields-keycode: 1.1.0

  yields-keycode@1.1.0: {}
